// !$*UTF8*$!
{
	archiveVersion = 1;
	classes = {
	};
	objectVersion = 54;
	objects = {

/* Begin PBXBuildFile section */
		00E356F31AD99517003FC87E /* mypetapp_v1Tests.m in Sources */ = {isa = PBXBuildFile; fileRef = 00E356F21AD99517003FC87E /* mypetapp_v1Tests.m */; };
		080F717B26E6FB2800FEF75B /* main.jsbundle in Resources */ = {isa = PBXBuildFile; fileRef = 008F07F21AC5B25A0029DE68 /* main.jsbundle */; };
		0878754A27A0331900A46DA0 /* GoogleService-Info.plist in Resources */ = {isa = PBXBuildFile; fileRef = 0878754927A0331900A46DA0 /* GoogleService-Info.plist */; };
		08D6267C272071A00082E456 /* MapKit.framework in Frameworks */ = {isa = PBXBuildFile; fileRef = 08D6267B272071A00082E456 /* MapKit.framework */; };
		13B07FBC1A68108700A75B9A /* AppDelegate.m in Sources */ = {isa = PBXBuildFile; fileRef = 13B07FB01A68108700A75B9A /* AppDelegate.m */; };
		13B07FBD1A68108700A75B9A /* LaunchScreen.xib in Resources */ = {isa = PBXBuildFile; fileRef = 13B07FB11A68108700A75B9A /* LaunchScreen.xib */; };
		13B07FBF1A68108700A75B9A /* Images.xcassets in Resources */ = {isa = PBXBuildFile; fileRef = 13B07FB51A68108700A75B9A /* Images.xcassets */; };
		13B07FC11A68108700A75B9A /* main.m in Sources */ = {isa = PBXBuildFile; fileRef = 13B07FB71A68108700A75B9A /* main.m */; };
		1859CCA21AA68E341CF853FE /* libPods-mypetapp_v1-mypetapp_v1Tests.a in Frameworks */ = {isa = PBXBuildFile; fileRef = 3E3B49B3F11E5927EA1BE1BD /* libPods-mypetapp_v1-mypetapp_v1Tests.a */; };
		2D02E4BC1E0B4A80006451C7 /* AppDelegate.m in Sources */ = {isa = PBXBuildFile; fileRef = 13B07FB01A68108700A75B9A /* AppDelegate.m */; };
		2D02E4BD1E0B4A84006451C7 /* Images.xcassets in Resources */ = {isa = PBXBuildFile; fileRef = 13B07FB51A68108700A75B9A /* Images.xcassets */; };
		2D02E4BF1E0B4AB3006451C7 /* main.m in Sources */ = {isa = PBXBuildFile; fileRef = 13B07FB71A68108700A75B9A /* main.m */; };
		2DCD954D1E0B4F2C00145EB5 /* mypetapp_v1Tests.m in Sources */ = {isa = PBXBuildFile; fileRef = 00E356F21AD99517003FC87E /* mypetapp_v1Tests.m */; };
		66CB8FABBF178788B6132BCB /* libPods-mypetapp_v1.a in Frameworks */ = {isa = PBXBuildFile; fileRef = 0A5F2D38B661CE032B5F39CB /* libPods-mypetapp_v1.a */; };
		ECC3CE1D9E0F45EEA3A13677 /* Montserrat-Medium.ttf in Resources */ = {isa = PBXBuildFile; fileRef = D7298331FD72452A9DD59AB0 /* Montserrat-Medium.ttf */; };
		F008F1E6F54240CFB2C1676B /* Montserrat-Bold.ttf in Resources */ = {isa = PBXBuildFile; fileRef = 15DF8952875D4A64B92CF907 /* Montserrat-Bold.ttf */; };
/* End PBXBuildFile section */

/* Begin PBXContainerItemProxy section */
		00E356F41AD99517003FC87E /* PBXContainerItemProxy */ = {
			isa = PBXContainerItemProxy;
			containerPortal = 83CBB9F71A601CBA00E9B192 /* Project object */;
			proxyType = 1;
			remoteGlobalIDString = 13B07F861A680F5B00A75B9A;
			remoteInfo = mypetapp_v1;
		};
		2D02E4911E0B4A5D006451C7 /* PBXContainerItemProxy */ = {
			isa = PBXContainerItemProxy;
			containerPortal = 83CBB9F71A601CBA00E9B192 /* Project object */;
			proxyType = 1;
			remoteGlobalIDString = 2D02E47A1E0B4A5D006451C7;
			remoteInfo = "mypetapp_v1-tvOS";
		};
/* End PBXContainerItemProxy section */

/* Begin PBXFileReference section */
		008F07F21AC5B25A0029DE68 /* main.jsbundle */ = {isa = PBXFileReference; fileEncoding = 4; lastKnownFileType = text; path = main.jsbundle; sourceTree = "<group>"; };
		00E356EE1AD99517003FC87E /* mypetapp_v1Tests.xctest */ = {isa = PBXFileReference; explicitFileType = wrapper.cfbundle; includeInIndex = 0; path = mypetapp_v1Tests.xctest; sourceTree = BUILT_PRODUCTS_DIR; };
		00E356F11AD99517003FC87E /* Info.plist */ = {isa = PBXFileReference; lastKnownFileType = text.plist.xml; path = Info.plist; sourceTree = "<group>"; };
		00E356F21AD99517003FC87E /* mypetapp_v1Tests.m */ = {isa = PBXFileReference; lastKnownFileType = sourcecode.c.objc; path = mypetapp_v1Tests.m; sourceTree = "<group>"; };
		080F717E26E6FB5600FEF75B /* icon-top-navigation.png */ = {isa = PBXFileReference; lastKnownFileType = image.png; path = "icon-top-navigation.png"; sourceTree = "<group>"; };
		080F717F26E6FB5600FEF75B /* icon-auth-dark.png */ = {isa = PBXFileReference; lastKnownFileType = image.png; path = "icon-auth-dark.png"; sourceTree = "<group>"; };
		080F718026E6FB5600FEF75B /* icon-modal-dark.png */ = {isa = PBXFileReference; lastKnownFileType = image.png; path = "icon-modal-dark.png"; sourceTree = "<group>"; };
		080F718126E6FB5600FEF75B /* icon-autocomplete-dark.png */ = {isa = PBXFileReference; lastKnownFileType = image.png; path = "icon-autocomplete-dark.png"; sourceTree = "<group>"; };
		080F718226E6FB5600FEF75B /* image-app-icon.png */ = {isa = PBXFileReference; lastKnownFileType = image.png; path = "image-app-icon.png"; sourceTree = "<group>"; };
		080F718326E6FB5600FEF75B /* icon-input-dark.png */ = {isa = PBXFileReference; lastKnownFileType = image.png; path = "icon-input-dark.png"; sourceTree = "<group>"; };
		080F718426E6FB5600FEF75B /* image-layout-profile-5.jpg */ = {isa = PBXFileReference; lastKnownFileType = image.jpeg; path = "image-layout-profile-5.jpg"; sourceTree = "<group>"; };
		080F718526E6FB5600FEF75B /* image-layout-profile-4.jpg */ = {isa = PBXFileReference; lastKnownFileType = image.jpeg; path = "image-layout-profile-4.jpg"; sourceTree = "<group>"; };
		080F718626E6FB5600FEF75B /* image-layout-article-list-1.jpg */ = {isa = PBXFileReference; lastKnownFileType = image.jpeg; path = "image-layout-article-list-1.jpg"; sourceTree = "<group>"; };
		080F718726E6FB5600FEF75B /* icon-input.png */ = {isa = PBXFileReference; lastKnownFileType = image.png; path = "icon-input.png"; sourceTree = "<group>"; };
		080F718826E6FB5600FEF75B /* icon-tooltip.png */ = {isa = PBXFileReference; lastKnownFileType = image.png; path = "icon-tooltip.png"; sourceTree = "<group>"; };
		080F718926E6FB5600FEF75B /* icon-drawer.png */ = {isa = PBXFileReference; lastKnownFileType = image.png; path = "icon-drawer.png"; sourceTree = "<group>"; };
		080F718A26E6FB5600FEF75B /* icon-dashboards.png */ = {isa = PBXFileReference; lastKnownFileType = image.png; path = "icon-dashboards.png"; sourceTree = "<group>"; };
		080F718B26E6FB5600FEF75B /* image-layout-article-list-3.jpg */ = {isa = PBXFileReference; lastKnownFileType = image.jpeg; path = "image-layout-article-list-3.jpg"; sourceTree = "<group>"; };
		080F718C26E6FB5600FEF75B /* image-layout-profile-6.jpg */ = {isa = PBXFileReference; lastKnownFileType = image.jpeg; path = "image-layout-profile-6.jpg"; sourceTree = "<group>"; };
		080F718D26E6FB5600FEF75B /* icon-drawer-dark.png */ = {isa = PBXFileReference; lastKnownFileType = image.png; path = "icon-drawer-dark.png"; sourceTree = "<group>"; };
		080F718E26E6FB5600FEF75B /* image-layout-profile-7.jpg */ = {isa = PBXFileReference; lastKnownFileType = image.jpeg; path = "image-layout-profile-7.jpg"; sourceTree = "<group>"; };
		080F718F26E6FB5600FEF75B /* image-layout-article-list-2.jpg */ = {isa = PBXFileReference; lastKnownFileType = image.jpeg; path = "image-layout-article-list-2.jpg"; sourceTree = "<group>"; };
		080F719026E6FB5600FEF75B /* icon-checkbox.png */ = {isa = PBXFileReference; lastKnownFileType = image.png; path = "icon-checkbox.png"; sourceTree = "<group>"; };
		080F719126E6FB5600FEF75B /* icon-list.png */ = {isa = PBXFileReference; lastKnownFileType = image.png; path = "icon-list.png"; sourceTree = "<group>"; };
		080F719226E6FB5600FEF75B /* image-layout-profile-3.jpg */ = {isa = PBXFileReference; lastKnownFileType = image.jpeg; path = "image-layout-profile-3.jpg"; sourceTree = "<group>"; };
		080F719326E6FB5600FEF75B /* icon-ecommerce-dark.png */ = {isa = PBXFileReference; lastKnownFileType = image.png; path = "icon-ecommerce-dark.png"; sourceTree = "<group>"; };
		080F719426E6FB5600FEF75B /* image-layout-profile-2.jpg */ = {isa = PBXFileReference; lastKnownFileType = image.jpeg; path = "image-layout-profile-2.jpg"; sourceTree = "<group>"; };
		080F719526E6FB5600FEF75B /* icon-icon-dark.png */ = {isa = PBXFileReference; lastKnownFileType = image.png; path = "icon-icon-dark.png"; sourceTree = "<group>"; };
		080F719626E6FB5600FEF75B /* icon-select-dark.png */ = {isa = PBXFileReference; lastKnownFileType = image.png; path = "icon-select-dark.png"; sourceTree = "<group>"; };
		080F719726E6FB5600FEF75B /* icon-bottom-navigation-dark.png */ = {isa = PBXFileReference; lastKnownFileType = image.png; path = "icon-bottom-navigation-dark.png"; sourceTree = "<group>"; };
		080F719826E6FB5600FEF75B /* icon-dashboards-dark.png */ = {isa = PBXFileReference; lastKnownFileType = image.png; path = "icon-dashboards-dark.png"; sourceTree = "<group>"; };
		080F719926E6FB5600FEF75B /* image-splash.png */ = {isa = PBXFileReference; lastKnownFileType = image.png; path = "image-splash.png"; sourceTree = "<group>"; };
		080F719A26E6FB5600FEF75B /* image-layout-profile-1.jpg */ = {isa = PBXFileReference; lastKnownFileType = image.jpeg; path = "image-layout-profile-1.jpg"; sourceTree = "<group>"; };
		080F719B26E6FB5600FEF75B /* image-layout-article-list-4.jpg */ = {isa = PBXFileReference; lastKnownFileType = image.jpeg; path = "image-layout-article-list-4.jpg"; sourceTree = "<group>"; };
		080F719C26E6FB5600FEF75B /* icon-modal.png */ = {isa = PBXFileReference; lastKnownFileType = image.png; path = "icon-modal.png"; sourceTree = "<group>"; };
		080F719D26E6FB5600FEF75B /* icon-list-dark.png */ = {isa = PBXFileReference; lastKnownFileType = image.png; path = "icon-list-dark.png"; sourceTree = "<group>"; };
		080F719E26E6FB5600FEF75B /* image-layout-settings.jpg */ = {isa = PBXFileReference; lastKnownFileType = image.jpeg; path = "image-layout-settings.jpg"; sourceTree = "<group>"; };
		080F719F26E6FB5600FEF75B /* icon-bottom-navigation.png */ = {isa = PBXFileReference; lastKnownFileType = image.png; path = "icon-bottom-navigation.png"; sourceTree = "<group>"; };
		080F71A026E6FB5600FEF75B /* icon-icon.png */ = {isa = PBXFileReference; lastKnownFileType = image.png; path = "icon-icon.png"; sourceTree = "<group>"; };
		080F71A126E6FB5600FEF75B /* icon-text-dark.png */ = {isa = PBXFileReference; lastKnownFileType = image.png; path = "icon-text-dark.png"; sourceTree = "<group>"; };
		080F71A226E6FB5600FEF75B /* image-layout-shopping-cart.jpg */ = {isa = PBXFileReference; lastKnownFileType = image.jpeg; path = "image-layout-shopping-cart.jpg"; sourceTree = "<group>"; };
		080F71A326E6FB5600FEF75B /* image-layout-product-details-4.jpg */ = {isa = PBXFileReference; lastKnownFileType = image.jpeg; path = "image-layout-product-details-4.jpg"; sourceTree = "<group>"; };
		080F71A426E6FB5600FEF75B /* image-layout-sign-in-5.jpg */ = {isa = PBXFileReference; lastKnownFileType = image.jpeg; path = "image-layout-sign-in-5.jpg"; sourceTree = "<group>"; };
		080F71A526E6FB5600FEF75B /* image-layout-sign-up-4.jpg */ = {isa = PBXFileReference; lastKnownFileType = image.jpeg; path = "image-layout-sign-up-4.jpg"; sourceTree = "<group>"; };
		080F71A626E6FB5600FEF75B /* icon-popover.png */ = {isa = PBXFileReference; lastKnownFileType = image.png; path = "icon-popover.png"; sourceTree = "<group>"; };
		080F71A726E6FB5600FEF75B /* icon-card.png */ = {isa = PBXFileReference; lastKnownFileType = image.png; path = "icon-card.png"; sourceTree = "<group>"; };
		080F71A826E6FB5600FEF75B /* icon-button-group.png */ = {isa = PBXFileReference; lastKnownFileType = image.png; path = "icon-button-group.png"; sourceTree = "<group>"; };
		080F71A926E6FB5600FEF75B /* image-layout-sign-in-4.jpg */ = {isa = PBXFileReference; lastKnownFileType = image.jpeg; path = "image-layout-sign-in-4.jpg"; sourceTree = "<group>"; };
		080F71AA26E6FB5600FEF75B /* image-layout-product-details-3.jpg */ = {isa = PBXFileReference; lastKnownFileType = image.jpeg; path = "image-layout-product-details-3.jpg"; sourceTree = "<group>"; };
		080F71AB26E6FB5600FEF75B /* image-layout-sign-up-1.jpg */ = {isa = PBXFileReference; lastKnownFileType = image.jpeg; path = "image-layout-sign-up-1.jpg"; sourceTree = "<group>"; };
		080F71AC26E6FB5600FEF75B /* icon-messaging.png */ = {isa = PBXFileReference; lastKnownFileType = image.png; path = "icon-messaging.png"; sourceTree = "<group>"; };
		080F71AD26E6FB5600FEF75B /* image-layout-feed-1.jpg */ = {isa = PBXFileReference; lastKnownFileType = image.jpeg; path = "image-layout-feed-1.jpg"; sourceTree = "<group>"; };
		080F71AE26E6FB5600FEF75B /* image-layout-sign-in-1.jpg */ = {isa = PBXFileReference; lastKnownFileType = image.jpeg; path = "image-layout-sign-in-1.jpg"; sourceTree = "<group>"; };
		080F71AF26E6FB5600FEF75B /* icon-articles.png */ = {isa = PBXFileReference; lastKnownFileType = image.png; path = "icon-articles.png"; sourceTree = "<group>"; };
		080F71B026E6FB5600FEF75B /* image-layout-product-details-2.jpg */ = {isa = PBXFileReference; lastKnownFileType = image.jpeg; path = "image-layout-product-details-2.jpg"; sourceTree = "<group>"; };
		080F71B126E6FB5600FEF75B /* image-layout-product-list.jpg */ = {isa = PBXFileReference; lastKnownFileType = image.jpeg; path = "image-layout-product-list.jpg"; sourceTree = "<group>"; };
		080F71B226E6FB5600FEF75B /* icon-avatar-dark.png */ = {isa = PBXFileReference; lastKnownFileType = image.png; path = "icon-avatar-dark.png"; sourceTree = "<group>"; };
		080F71B326E6FB5600FEF75B /* image-layout-sign-in-3.jpg */ = {isa = PBXFileReference; lastKnownFileType = image.jpeg; path = "image-layout-sign-in-3.jpg"; sourceTree = "<group>"; };
		080F71B426E6FB5600FEF75B /* icon-social-dark.png */ = {isa = PBXFileReference; lastKnownFileType = image.png; path = "icon-social-dark.png"; sourceTree = "<group>"; };
		080F71B526E6FB5600FEF75B /* image-layout-sign-up-2.jpg */ = {isa = PBXFileReference; lastKnownFileType = image.jpeg; path = "image-layout-sign-up-2.jpg"; sourceTree = "<group>"; };
		080F71B626E6FB5600FEF75B /* icon-ecommerce.png */ = {isa = PBXFileReference; lastKnownFileType = image.png; path = "icon-ecommerce.png"; sourceTree = "<group>"; };
		080F71B726E6FB5600FEF75B /* icon-overflow-menu.png */ = {isa = PBXFileReference; lastKnownFileType = image.png; path = "icon-overflow-menu.png"; sourceTree = "<group>"; };
		080F71B826E6FB5600FEF75B /* icon-tooltip-dark.png */ = {isa = PBXFileReference; lastKnownFileType = image.png; path = "icon-tooltip-dark.png"; sourceTree = "<group>"; };
		080F71B926E6FB5600FEF75B /* icon-top-navigation-dark.png */ = {isa = PBXFileReference; lastKnownFileType = image.png; path = "icon-top-navigation-dark.png"; sourceTree = "<group>"; };
		080F71BA26E6FB5600FEF75B /* icon-calendar.png */ = {isa = PBXFileReference; lastKnownFileType = image.png; path = "icon-calendar.png"; sourceTree = "<group>"; };
		080F71BB26E6FB5600FEF75B /* icon-auth.png */ = {isa = PBXFileReference; lastKnownFileType = image.png; path = "icon-auth.png"; sourceTree = "<group>"; };
		080F71BC26E6FB5600FEF75B /* image-layout-sign-up-3.jpg */ = {isa = PBXFileReference; lastKnownFileType = image.jpeg; path = "image-layout-sign-up-3.jpg"; sourceTree = "<group>"; };
		080F71BD26E6FB5600FEF75B /* image-layout-sign-in-2.jpg */ = {isa = PBXFileReference; lastKnownFileType = image.jpeg; path = "image-layout-sign-in-2.jpg"; sourceTree = "<group>"; };
		080F71BE26E6FB5600FEF75B /* image-layout-forgot-password.jpg */ = {isa = PBXFileReference; lastKnownFileType = image.jpeg; path = "image-layout-forgot-password.jpg"; sourceTree = "<group>"; };
		080F71BF26E6FB5600FEF75B /* image-layout-feed-2.jpg */ = {isa = PBXFileReference; lastKnownFileType = image.jpeg; path = "image-layout-feed-2.jpg"; sourceTree = "<group>"; };
		080F71C026E6FB5600FEF75B /* image-layout-product-details-1.jpg */ = {isa = PBXFileReference; lastKnownFileType = image.jpeg; path = "image-layout-product-details-1.jpg"; sourceTree = "<group>"; };
		080F71C126E6FB5600FEF75B /* image-layout-article-1.jpg */ = {isa = PBXFileReference; lastKnownFileType = image.jpeg; path = "image-layout-article-1.jpg"; sourceTree = "<group>"; };
		080F71C226E6FB5600FEF75B /* image-layout-chat-1.jpg */ = {isa = PBXFileReference; lastKnownFileType = image.jpeg; path = "image-layout-chat-1.jpg"; sourceTree = "<group>"; };
		080F71C326E6FB5600FEF75B /* icon-datepicker.png */ = {isa = PBXFileReference; lastKnownFileType = image.png; path = "icon-datepicker.png"; sourceTree = "<group>"; };
		080F71C426E6FB5600FEF75B /* icon-autocomplete.png */ = {isa = PBXFileReference; lastKnownFileType = image.png; path = "icon-autocomplete.png"; sourceTree = "<group>"; };
		080F71C526E6FB5600FEF75B /* image-layout-conversation-list.jpg */ = {isa = PBXFileReference; lastKnownFileType = image.jpeg; path = "image-layout-conversation-list.jpg"; sourceTree = "<group>"; };
		080F71C626E6FB5600FEF75B /* icon-toggle-dark.png */ = {isa = PBXFileReference; lastKnownFileType = image.png; path = "icon-toggle-dark.png"; sourceTree = "<group>"; };
		080F71C726E6FB5600FEF75B /* icon-calendar-dark.png */ = {isa = PBXFileReference; lastKnownFileType = image.png; path = "icon-calendar-dark.png"; sourceTree = "<group>"; };
		080F71C826E6FB5600FEF75B /* image-layout-article-2.jpg */ = {isa = PBXFileReference; lastKnownFileType = image.jpeg; path = "image-layout-article-2.jpg"; sourceTree = "<group>"; };
		080F71C926E6FB5600FEF75B /* icon-spinner-dark.png */ = {isa = PBXFileReference; lastKnownFileType = image.png; path = "icon-spinner-dark.png"; sourceTree = "<group>"; };
		080F71CA26E6FB5600FEF75B /* icon-select.png */ = {isa = PBXFileReference; lastKnownFileType = image.png; path = "icon-select.png"; sourceTree = "<group>"; };
		080F71CB26E6FB5600FEF75B /* image-layout-chat-2.jpg */ = {isa = PBXFileReference; lastKnownFileType = image.jpeg; path = "image-layout-chat-2.jpg"; sourceTree = "<group>"; };
		080F71CC26E6FB5600FEF75B /* image-layout-payment.jpg */ = {isa = PBXFileReference; lastKnownFileType = image.jpeg; path = "image-layout-payment.jpg"; sourceTree = "<group>"; };
		080F71CD26E6FB5600FEF75B /* icon-spinner.png */ = {isa = PBXFileReference; lastKnownFileType = image.png; path = "icon-spinner.png"; sourceTree = "<group>"; };
		080F71CE26E6FB5600FEF75B /* icon-datepicker-dark.png */ = {isa = PBXFileReference; lastKnownFileType = image.png; path = "icon-datepicker-dark.png"; sourceTree = "<group>"; };
		080F71CF26E6FB5600FEF75B /* image-layout-article-3.jpg */ = {isa = PBXFileReference; lastKnownFileType = image.jpeg; path = "image-layout-article-3.jpg"; sourceTree = "<group>"; };
		080F71D026E6FB5600FEF75B /* image-layout-add-new-card.jpg */ = {isa = PBXFileReference; lastKnownFileType = image.jpeg; path = "image-layout-add-new-card.jpg"; sourceTree = "<group>"; };
		080F71D126E6FB5600FEF75B /* icon-toggle.png */ = {isa = PBXFileReference; lastKnownFileType = image.png; path = "icon-toggle.png"; sourceTree = "<group>"; };
		080F71D226E6FB5600FEF75B /* icon-button.png */ = {isa = PBXFileReference; lastKnownFileType = image.png; path = "icon-button.png"; sourceTree = "<group>"; };
		080F71D326E6FB5600FEF75B /* icon-social.png */ = {isa = PBXFileReference; lastKnownFileType = image.png; path = "icon-social.png"; sourceTree = "<group>"; };
		080F71D426E6FB5600FEF75B /* icon-text.png */ = {isa = PBXFileReference; lastKnownFileType = image.png; path = "icon-text.png"; sourceTree = "<group>"; };
		080F71D526E6FB5600FEF75B /* image-layout-training-2.jpg */ = {isa = PBXFileReference; lastKnownFileType = image.jpeg; path = "image-layout-training-2.jpg"; sourceTree = "<group>"; };
		080F71D626E6FB5600FEF75B /* icon-radio-dark.png */ = {isa = PBXFileReference; lastKnownFileType = image.png; path = "icon-radio-dark.png"; sourceTree = "<group>"; };
		080F71D726E6FB5600FEF75B /* icon-articles-dark.png */ = {isa = PBXFileReference; lastKnownFileType = image.png; path = "icon-articles-dark.png"; sourceTree = "<group>"; };
		080F71D826E6FB5600FEF75B /* image-layout-training-1.jpg */ = {isa = PBXFileReference; lastKnownFileType = image.jpeg; path = "image-layout-training-1.jpg"; sourceTree = "<group>"; };
		080F71D926E6FB5600FEF75B /* icon-button-dark.png */ = {isa = PBXFileReference; lastKnownFileType = image.png; path = "icon-button-dark.png"; sourceTree = "<group>"; };
		080F71DA26E6FB5600FEF75B /* icon-button-group-dark.png */ = {isa = PBXFileReference; lastKnownFileType = image.png; path = "icon-button-group-dark.png"; sourceTree = "<group>"; };
		080F71DB26E6FB5600FEF75B /* image-layout-profile-settings-2.jpg */ = {isa = PBXFileReference; lastKnownFileType = image.jpeg; path = "image-layout-profile-settings-2.jpg"; sourceTree = "<group>"; };
		080F71DC26E6FB5600FEF75B /* icon-messaging-dark.png */ = {isa = PBXFileReference; lastKnownFileType = image.png; path = "icon-messaging-dark.png"; sourceTree = "<group>"; };
		080F71DD26E6FB5600FEF75B /* icon-menu-dark.png */ = {isa = PBXFileReference; lastKnownFileType = image.png; path = "icon-menu-dark.png"; sourceTree = "<group>"; };
		080F71DE26E6FB5600FEF75B /* icon-tab-view-dark.png */ = {isa = PBXFileReference; lastKnownFileType = image.png; path = "icon-tab-view-dark.png"; sourceTree = "<group>"; };
		080F71DF26E6FB5600FEF75B /* image-layout-profile-settings-3.jpg */ = {isa = PBXFileReference; lastKnownFileType = image.jpeg; path = "image-layout-profile-settings-3.jpg"; sourceTree = "<group>"; };
		080F71E026E6FB5600FEF75B /* icon-menu.png */ = {isa = PBXFileReference; lastKnownFileType = image.png; path = "icon-menu.png"; sourceTree = "<group>"; };
		080F71E126E6FB5600FEF75B /* image-layout-profile-settings-1.jpg */ = {isa = PBXFileReference; lastKnownFileType = image.jpeg; path = "image-layout-profile-settings-1.jpg"; sourceTree = "<group>"; };
		080F71E226E6FB5600FEF75B /* icon-radio.png */ = {isa = PBXFileReference; lastKnownFileType = image.png; path = "icon-radio.png"; sourceTree = "<group>"; };
		080F71E326E6FB5600FEF75B /* icon-avatar.png */ = {isa = PBXFileReference; lastKnownFileType = image.png; path = "icon-avatar.png"; sourceTree = "<group>"; };
		080F71E426E6FB5600FEF75B /* icon-tab-view.png */ = {isa = PBXFileReference; lastKnownFileType = image.png; path = "icon-tab-view.png"; sourceTree = "<group>"; };
		080F71E526E6FB5600FEF75B /* icon-popover-dark.png */ = {isa = PBXFileReference; lastKnownFileType = image.png; path = "icon-popover-dark.png"; sourceTree = "<group>"; };
		080F71E626E6FB5600FEF75B /* icon-card-dark.png */ = {isa = PBXFileReference; lastKnownFileType = image.png; path = "icon-card-dark.png"; sourceTree = "<group>"; };
		080F71E726E6FB5600FEF75B /* icon-checkbox-dark.png */ = {isa = PBXFileReference; lastKnownFileType = image.png; path = "icon-checkbox-dark.png"; sourceTree = "<group>"; };
		080F71E826E6FB5600FEF75B /* icon-overflow-menu-dark.png */ = {isa = PBXFileReference; lastKnownFileType = image.png; path = "icon-overflow-menu-dark.png"; sourceTree = "<group>"; };
		080F71EA26E6FB5600FEF75B /* Roboto-Regular.ttf */ = {isa = PBXFileReference; lastKnownFileType = file; path = "Roboto-Regular.ttf"; sourceTree = "<group>"; };
		080F71EB26E6FB5600FEF75B /* OpenSans-Regular.ttf */ = {isa = PBXFileReference; lastKnownFileType = file; path = "OpenSans-Regular.ttf"; sourceTree = "<group>"; };
		0878754927A0331900A46DA0 /* GoogleService-Info.plist */ = {isa = PBXFileReference; fileEncoding = 4; lastKnownFileType = text.plist.xml; path = "GoogleService-Info.plist"; sourceTree = "<group>"; };
		0878754B27A0333300A46DA0 /* mypetapp_v1.entitlements */ = {isa = PBXFileReference; lastKnownFileType = text.plist.entitlements; name = mypetapp_v1.entitlements; path = mypetapp_v1/mypetapp_v1.entitlements; sourceTree = "<group>"; };
		08D6267B272071A00082E456 /* MapKit.framework */ = {isa = PBXFileReference; lastKnownFileType = wrapper.framework; name = MapKit.framework; path = System/Library/Frameworks/MapKit.framework; sourceTree = SDKROOT; };
		0A5F2D38B661CE032B5F39CB /* libPods-mypetapp_v1.a */ = {isa = PBXFileReference; explicitFileType = archive.ar; includeInIndex = 0; path = "libPods-mypetapp_v1.a"; sourceTree = BUILT_PRODUCTS_DIR; };
		13B07F961A680F5B00A75B9A /* mypetapp_v1.app */ = {isa = PBXFileReference; explicitFileType = wrapper.application; includeInIndex = 0; path = mypetapp_v1.app; sourceTree = BUILT_PRODUCTS_DIR; };
		13B07FAF1A68108700A75B9A /* AppDelegate.h */ = {isa = PBXFileReference; fileEncoding = 4; lastKnownFileType = sourcecode.c.h; name = AppDelegate.h; path = mypetapp_v1/AppDelegate.h; sourceTree = "<group>"; };
		13B07FB01A68108700A75B9A /* AppDelegate.m */ = {isa = PBXFileReference; fileEncoding = 4; lastKnownFileType = sourcecode.c.objc; name = AppDelegate.m; path = mypetapp_v1/AppDelegate.m; sourceTree = "<group>"; };
		13B07FB21A68108700A75B9A /* Base */ = {isa = PBXFileReference; lastKnownFileType = file.xib; name = Base; path = Base.lproj/LaunchScreen.xib; sourceTree = "<group>"; };
		13B07FB51A68108700A75B9A /* Images.xcassets */ = {isa = PBXFileReference; lastKnownFileType = folder.assetcatalog; name = Images.xcassets; path = mypetapp_v1/Images.xcassets; sourceTree = "<group>"; };
		13B07FB61A68108700A75B9A /* Info.plist */ = {isa = PBXFileReference; fileEncoding = 4; lastKnownFileType = text.plist.xml; name = Info.plist; path = mypetapp_v1/Info.plist; sourceTree = "<group>"; };
		13B07FB71A68108700A75B9A /* main.m */ = {isa = PBXFileReference; fileEncoding = 4; lastKnownFileType = sourcecode.c.objc; name = main.m; path = mypetapp_v1/main.m; sourceTree = "<group>"; };
		15DF8952875D4A64B92CF907 /* Montserrat-Bold.ttf */ = {isa = PBXFileReference; explicitFileType = undefined; fileEncoding = 9; includeInIndex = 0; lastKnownFileType = unknown; name = "Montserrat-Bold.ttf"; path = "../src/assets/fonts/Montserrat-Bold.ttf"; sourceTree = "<group>"; };
		2D02E47B1E0B4A5D006451C7 /* mypetapp_v1-tvOS.app */ = {isa = PBXFileReference; explicitFileType = wrapper.application; includeInIndex = 0; path = "mypetapp_v1-tvOS.app"; sourceTree = BUILT_PRODUCTS_DIR; };
		2D02E4901E0B4A5D006451C7 /* mypetapp_v1-tvOSTests.xctest */ = {isa = PBXFileReference; explicitFileType = wrapper.cfbundle; includeInIndex = 0; path = "mypetapp_v1-tvOSTests.xctest"; sourceTree = BUILT_PRODUCTS_DIR; };
		3DF095D6C3CA7EAAA37B68BF /* Pods-mypetapp_v1.debug.xcconfig */ = {isa = PBXFileReference; includeInIndex = 1; lastKnownFileType = text.xcconfig; name = "Pods-mypetapp_v1.debug.xcconfig"; path = "Target Support Files/Pods-mypetapp_v1/Pods-mypetapp_v1.debug.xcconfig"; sourceTree = "<group>"; };
		3E3B49B3F11E5927EA1BE1BD /* libPods-mypetapp_v1-mypetapp_v1Tests.a */ = {isa = PBXFileReference; explicitFileType = archive.ar; includeInIndex = 0; path = "libPods-mypetapp_v1-mypetapp_v1Tests.a"; sourceTree = BUILT_PRODUCTS_DIR; };
		81BC0A327D5678E6E5F8FAB5 /* Pods-mypetapp_v1-mypetapp_v1Tests.release.xcconfig */ = {isa = PBXFileReference; includeInIndex = 1; lastKnownFileType = text.xcconfig; name = "Pods-mypetapp_v1-mypetapp_v1Tests.release.xcconfig"; path = "Target Support Files/Pods-mypetapp_v1-mypetapp_v1Tests/Pods-mypetapp_v1-mypetapp_v1Tests.release.xcconfig"; sourceTree = "<group>"; };
		BE84B096D0779DA2A0147436 /* Pods-mypetapp_v1-mypetapp_v1Tests.debug.xcconfig */ = {isa = PBXFileReference; includeInIndex = 1; lastKnownFileType = text.xcconfig; name = "Pods-mypetapp_v1-mypetapp_v1Tests.debug.xcconfig"; path = "Target Support Files/Pods-mypetapp_v1-mypetapp_v1Tests/Pods-mypetapp_v1-mypetapp_v1Tests.debug.xcconfig"; sourceTree = "<group>"; };
		D7298331FD72452A9DD59AB0 /* Montserrat-Medium.ttf */ = {isa = PBXFileReference; explicitFileType = undefined; fileEncoding = 9; includeInIndex = 0; lastKnownFileType = unknown; name = "Montserrat-Medium.ttf"; path = "../src/assets/fonts/Montserrat-Medium.ttf"; sourceTree = "<group>"; };
		ED297162215061F000B7C4FE /* JavaScriptCore.framework */ = {isa = PBXFileReference; lastKnownFileType = wrapper.framework; name = JavaScriptCore.framework; path = System/Library/Frameworks/JavaScriptCore.framework; sourceTree = SDKROOT; };
		ED2971642150620600B7C4FE /* JavaScriptCore.framework */ = {isa = PBXFileReference; lastKnownFileType = wrapper.framework; name = JavaScriptCore.framework; path = Platforms/AppleTVOS.platform/Developer/SDKs/AppleTVOS12.0.sdk/System/Library/Frameworks/JavaScriptCore.framework; sourceTree = DEVELOPER_DIR; };
		F944D7C5BFCE0BD726E681FC /* Pods-mypetapp_v1.release.xcconfig */ = {isa = PBXFileReference; includeInIndex = 1; lastKnownFileType = text.xcconfig; name = "Pods-mypetapp_v1.release.xcconfig"; path = "Target Support Files/Pods-mypetapp_v1/Pods-mypetapp_v1.release.xcconfig"; sourceTree = "<group>"; };
/* End PBXFileReference section */

/* Begin PBXFrameworksBuildPhase section */
		00E356EB1AD99517003FC87E /* Frameworks */ = {
			isa = PBXFrameworksBuildPhase;
			buildActionMask = 2147483647;
			files = (
				1859CCA21AA68E341CF853FE /* libPods-mypetapp_v1-mypetapp_v1Tests.a in Frameworks */,
			);
			runOnlyForDeploymentPostprocessing = 0;
		};
		13B07F8C1A680F5B00A75B9A /* Frameworks */ = {
			isa = PBXFrameworksBuildPhase;
			buildActionMask = 2147483647;
			files = (
				08D6267C272071A00082E456 /* MapKit.framework in Frameworks */,
				66CB8FABBF178788B6132BCB /* libPods-mypetapp_v1.a in Frameworks */,
			);
			runOnlyForDeploymentPostprocessing = 0;
		};
		2D02E4781E0B4A5D006451C7 /* Frameworks */ = {
			isa = PBXFrameworksBuildPhase;
			buildActionMask = 2147483647;
			files = (
			);
			runOnlyForDeploymentPostprocessing = 0;
		};
		2D02E48D1E0B4A5D006451C7 /* Frameworks */ = {
			isa = PBXFrameworksBuildPhase;
			buildActionMask = 2147483647;
			files = (
			);
			runOnlyForDeploymentPostprocessing = 0;
		};
/* End PBXFrameworksBuildPhase section */

/* Begin PBXGroup section */
		00E356EF1AD99517003FC87E /* mypetapp_v1Tests */ = {
			isa = PBXGroup;
			children = (
				00E356F21AD99517003FC87E /* mypetapp_v1Tests.m */,
				00E356F01AD99517003FC87E /* Supporting Files */,
			);
			path = mypetapp_v1Tests;
			sourceTree = "<group>";
		};
		00E356F01AD99517003FC87E /* Supporting Files */ = {
			isa = PBXGroup;
			children = (
				00E356F11AD99517003FC87E /* Info.plist */,
			);
			name = "Supporting Files";
			sourceTree = "<group>";
		};
		080F717C26E6FB5600FEF75B /* assets */ = {
			isa = PBXGroup;
			children = (
				080F717D26E6FB5600FEF75B /* images */,
				080F71E926E6FB5600FEF75B /* fonts */,
			);
			name = assets;
			path = assets/src/assets;
			sourceTree = "<group>";
		};
		080F717D26E6FB5600FEF75B /* images */ = {
			isa = PBXGroup;
			children = (
				080F717E26E6FB5600FEF75B /* icon-top-navigation.png */,
				080F717F26E6FB5600FEF75B /* icon-auth-dark.png */,
				080F718026E6FB5600FEF75B /* icon-modal-dark.png */,
				080F718126E6FB5600FEF75B /* icon-autocomplete-dark.png */,
				080F718226E6FB5600FEF75B /* image-app-icon.png */,
				080F718326E6FB5600FEF75B /* icon-input-dark.png */,
				080F718426E6FB5600FEF75B /* image-layout-profile-5.jpg */,
				080F718526E6FB5600FEF75B /* image-layout-profile-4.jpg */,
				080F718626E6FB5600FEF75B /* image-layout-article-list-1.jpg */,
				080F718726E6FB5600FEF75B /* icon-input.png */,
				080F718826E6FB5600FEF75B /* icon-tooltip.png */,
				080F718926E6FB5600FEF75B /* icon-drawer.png */,
				080F718A26E6FB5600FEF75B /* icon-dashboards.png */,
				080F718B26E6FB5600FEF75B /* image-layout-article-list-3.jpg */,
				080F718C26E6FB5600FEF75B /* image-layout-profile-6.jpg */,
				080F718D26E6FB5600FEF75B /* icon-drawer-dark.png */,
				080F718E26E6FB5600FEF75B /* image-layout-profile-7.jpg */,
				080F718F26E6FB5600FEF75B /* image-layout-article-list-2.jpg */,
				080F719026E6FB5600FEF75B /* icon-checkbox.png */,
				080F719126E6FB5600FEF75B /* icon-list.png */,
				080F719226E6FB5600FEF75B /* image-layout-profile-3.jpg */,
				080F719326E6FB5600FEF75B /* icon-ecommerce-dark.png */,
				080F719426E6FB5600FEF75B /* image-layout-profile-2.jpg */,
				080F719526E6FB5600FEF75B /* icon-icon-dark.png */,
				080F719626E6FB5600FEF75B /* icon-select-dark.png */,
				080F719726E6FB5600FEF75B /* icon-bottom-navigation-dark.png */,
				080F719826E6FB5600FEF75B /* icon-dashboards-dark.png */,
				080F719926E6FB5600FEF75B /* image-splash.png */,
				080F719A26E6FB5600FEF75B /* image-layout-profile-1.jpg */,
				080F719B26E6FB5600FEF75B /* image-layout-article-list-4.jpg */,
				080F719C26E6FB5600FEF75B /* icon-modal.png */,
				080F719D26E6FB5600FEF75B /* icon-list-dark.png */,
				080F719E26E6FB5600FEF75B /* image-layout-settings.jpg */,
				080F719F26E6FB5600FEF75B /* icon-bottom-navigation.png */,
				080F71A026E6FB5600FEF75B /* icon-icon.png */,
				080F71A126E6FB5600FEF75B /* icon-text-dark.png */,
				080F71A226E6FB5600FEF75B /* image-layout-shopping-cart.jpg */,
				080F71A326E6FB5600FEF75B /* image-layout-product-details-4.jpg */,
				080F71A426E6FB5600FEF75B /* image-layout-sign-in-5.jpg */,
				080F71A526E6FB5600FEF75B /* image-layout-sign-up-4.jpg */,
				080F71A626E6FB5600FEF75B /* icon-popover.png */,
				080F71A726E6FB5600FEF75B /* icon-card.png */,
				080F71A826E6FB5600FEF75B /* icon-button-group.png */,
				080F71A926E6FB5600FEF75B /* image-layout-sign-in-4.jpg */,
				080F71AA26E6FB5600FEF75B /* image-layout-product-details-3.jpg */,
				080F71AB26E6FB5600FEF75B /* image-layout-sign-up-1.jpg */,
				080F71AC26E6FB5600FEF75B /* icon-messaging.png */,
				080F71AD26E6FB5600FEF75B /* image-layout-feed-1.jpg */,
				080F71AE26E6FB5600FEF75B /* image-layout-sign-in-1.jpg */,
				080F71AF26E6FB5600FEF75B /* icon-articles.png */,
				080F71B026E6FB5600FEF75B /* image-layout-product-details-2.jpg */,
				080F71B126E6FB5600FEF75B /* image-layout-product-list.jpg */,
				080F71B226E6FB5600FEF75B /* icon-avatar-dark.png */,
				080F71B326E6FB5600FEF75B /* image-layout-sign-in-3.jpg */,
				080F71B426E6FB5600FEF75B /* icon-social-dark.png */,
				080F71B526E6FB5600FEF75B /* image-layout-sign-up-2.jpg */,
				080F71B626E6FB5600FEF75B /* icon-ecommerce.png */,
				080F71B726E6FB5600FEF75B /* icon-overflow-menu.png */,
				080F71B826E6FB5600FEF75B /* icon-tooltip-dark.png */,
				080F71B926E6FB5600FEF75B /* icon-top-navigation-dark.png */,
				080F71BA26E6FB5600FEF75B /* icon-calendar.png */,
				080F71BB26E6FB5600FEF75B /* icon-auth.png */,
				080F71BC26E6FB5600FEF75B /* image-layout-sign-up-3.jpg */,
				080F71BD26E6FB5600FEF75B /* image-layout-sign-in-2.jpg */,
				080F71BE26E6FB5600FEF75B /* image-layout-forgot-password.jpg */,
				080F71BF26E6FB5600FEF75B /* image-layout-feed-2.jpg */,
				080F71C026E6FB5600FEF75B /* image-layout-product-details-1.jpg */,
				080F71C126E6FB5600FEF75B /* image-layout-article-1.jpg */,
				080F71C226E6FB5600FEF75B /* image-layout-chat-1.jpg */,
				080F71C326E6FB5600FEF75B /* icon-datepicker.png */,
				080F71C426E6FB5600FEF75B /* icon-autocomplete.png */,
				080F71C526E6FB5600FEF75B /* image-layout-conversation-list.jpg */,
				080F71C626E6FB5600FEF75B /* icon-toggle-dark.png */,
				080F71C726E6FB5600FEF75B /* icon-calendar-dark.png */,
				080F71C826E6FB5600FEF75B /* image-layout-article-2.jpg */,
				080F71C926E6FB5600FEF75B /* icon-spinner-dark.png */,
				080F71CA26E6FB5600FEF75B /* icon-select.png */,
				080F71CB26E6FB5600FEF75B /* image-layout-chat-2.jpg */,
				080F71CC26E6FB5600FEF75B /* image-layout-payment.jpg */,
				080F71CD26E6FB5600FEF75B /* icon-spinner.png */,
				080F71CE26E6FB5600FEF75B /* icon-datepicker-dark.png */,
				080F71CF26E6FB5600FEF75B /* image-layout-article-3.jpg */,
				080F71D026E6FB5600FEF75B /* image-layout-add-new-card.jpg */,
				080F71D126E6FB5600FEF75B /* icon-toggle.png */,
				080F71D226E6FB5600FEF75B /* icon-button.png */,
				080F71D326E6FB5600FEF75B /* icon-social.png */,
				080F71D426E6FB5600FEF75B /* icon-text.png */,
				080F71D526E6FB5600FEF75B /* image-layout-training-2.jpg */,
				080F71D626E6FB5600FEF75B /* icon-radio-dark.png */,
				080F71D726E6FB5600FEF75B /* icon-articles-dark.png */,
				080F71D826E6FB5600FEF75B /* image-layout-training-1.jpg */,
				080F71D926E6FB5600FEF75B /* icon-button-dark.png */,
				080F71DA26E6FB5600FEF75B /* icon-button-group-dark.png */,
				080F71DB26E6FB5600FEF75B /* image-layout-profile-settings-2.jpg */,
				080F71DC26E6FB5600FEF75B /* icon-messaging-dark.png */,
				080F71DD26E6FB5600FEF75B /* icon-menu-dark.png */,
				080F71DE26E6FB5600FEF75B /* icon-tab-view-dark.png */,
				080F71DF26E6FB5600FEF75B /* image-layout-profile-settings-3.jpg */,
				080F71E026E6FB5600FEF75B /* icon-menu.png */,
				080F71E126E6FB5600FEF75B /* image-layout-profile-settings-1.jpg */,
				080F71E226E6FB5600FEF75B /* icon-radio.png */,
				080F71E326E6FB5600FEF75B /* icon-avatar.png */,
				080F71E426E6FB5600FEF75B /* icon-tab-view.png */,
				080F71E526E6FB5600FEF75B /* icon-popover-dark.png */,
				080F71E626E6FB5600FEF75B /* icon-card-dark.png */,
				080F71E726E6FB5600FEF75B /* icon-checkbox-dark.png */,
				080F71E826E6FB5600FEF75B /* icon-overflow-menu-dark.png */,
			);
			path = images;
			sourceTree = "<group>";
		};
		080F71E926E6FB5600FEF75B /* fonts */ = {
			isa = PBXGroup;
			children = (
				080F71EA26E6FB5600FEF75B /* Roboto-Regular.ttf */,
				080F71EB26E6FB5600FEF75B /* OpenSans-Regular.ttf */,
			);
			path = fonts;
			sourceTree = "<group>";
		};
		13B07FAE1A68108700A75B9A /* mypetapp_v1 */ = {
			isa = PBXGroup;
			children = (
				0878754B27A0333300A46DA0 /* mypetapp_v1.entitlements */,
				008F07F21AC5B25A0029DE68 /* main.jsbundle */,
				13B07FAF1A68108700A75B9A /* AppDelegate.h */,
				13B07FB01A68108700A75B9A /* AppDelegate.m */,
				13B07FB51A68108700A75B9A /* Images.xcassets */,
				13B07FB61A68108700A75B9A /* Info.plist */,
				13B07FB11A68108700A75B9A /* LaunchScreen.xib */,
				13B07FB71A68108700A75B9A /* main.m */,
			);
			name = mypetapp_v1;
			sourceTree = "<group>";
		};
		2D16E6871FA4F8E400B85C8A /* Frameworks */ = {
			isa = PBXGroup;
			children = (
				08D6267B272071A00082E456 /* MapKit.framework */,
				ED297162215061F000B7C4FE /* JavaScriptCore.framework */,
				ED2971642150620600B7C4FE /* JavaScriptCore.framework */,
				0A5F2D38B661CE032B5F39CB /* libPods-mypetapp_v1.a */,
				3E3B49B3F11E5927EA1BE1BD /* libPods-mypetapp_v1-mypetapp_v1Tests.a */,
			);
			name = Frameworks;
			sourceTree = "<group>";
		};
		3B42338CFC7A2A49363AB908 /* Pods */ = {
			isa = PBXGroup;
			children = (
				3DF095D6C3CA7EAAA37B68BF /* Pods-mypetapp_v1.debug.xcconfig */,
				F944D7C5BFCE0BD726E681FC /* Pods-mypetapp_v1.release.xcconfig */,
				BE84B096D0779DA2A0147436 /* Pods-mypetapp_v1-mypetapp_v1Tests.debug.xcconfig */,
				81BC0A327D5678E6E5F8FAB5 /* Pods-mypetapp_v1-mypetapp_v1Tests.release.xcconfig */,
			);
			path = Pods;
			sourceTree = "<group>";
		};
		832341AE1AAA6A7D00B99B32 /* Libraries */ = {
			isa = PBXGroup;
			children = (
			);
			name = Libraries;
			sourceTree = "<group>";
		};
		83CBB9F61A601CBA00E9B192 = {
			isa = PBXGroup;
			children = (
				0878754927A0331900A46DA0 /* GoogleService-Info.plist */,
				080F717C26E6FB5600FEF75B /* assets */,
				13B07FAE1A68108700A75B9A /* mypetapp_v1 */,
				832341AE1AAA6A7D00B99B32 /* Libraries */,
				00E356EF1AD99517003FC87E /* mypetapp_v1Tests */,
				83CBBA001A601CBA00E9B192 /* Products */,
				2D16E6871FA4F8E400B85C8A /* Frameworks */,
				A3C633C98F9A4804AA54A33D /* Resources */,
				3B42338CFC7A2A49363AB908 /* Pods */,
			);
			indentWidth = 2;
			sourceTree = "<group>";
			tabWidth = 2;
			usesTabs = 0;
		};
		83CBBA001A601CBA00E9B192 /* Products */ = {
			isa = PBXGroup;
			children = (
				13B07F961A680F5B00A75B9A /* mypetapp_v1.app */,
				00E356EE1AD99517003FC87E /* mypetapp_v1Tests.xctest */,
				2D02E47B1E0B4A5D006451C7 /* mypetapp_v1-tvOS.app */,
				2D02E4901E0B4A5D006451C7 /* mypetapp_v1-tvOSTests.xctest */,
			);
			name = Products;
			sourceTree = "<group>";
		};
		A3C633C98F9A4804AA54A33D /* Resources */ = {
			isa = PBXGroup;
			children = (
				15DF8952875D4A64B92CF907 /* Montserrat-Bold.ttf */,
				D7298331FD72452A9DD59AB0 /* Montserrat-Medium.ttf */,
			);
			name = Resources;
			sourceTree = "<group>";
		};
/* End PBXGroup section */

/* Begin PBXNativeTarget section */
		00E356ED1AD99517003FC87E /* mypetapp_v1Tests */ = {
			isa = PBXNativeTarget;
			buildConfigurationList = 00E357021AD99517003FC87E /* Build configuration list for PBXNativeTarget "mypetapp_v1Tests" */;
			buildPhases = (
				861B63C666DA4E19683DAF66 /* [CP] Check Pods Manifest.lock */,
				00E356EA1AD99517003FC87E /* Sources */,
				00E356EB1AD99517003FC87E /* Frameworks */,
				00E356EC1AD99517003FC87E /* Resources */,
				369A911E21ACDC0250F11B7E /* [CP] Copy Pods Resources */,
				86FD8911BB89FAE1B52022C0 /* [CP] Embed Pods Frameworks */,
			);
			buildRules = (
			);
			dependencies = (
				00E356F51AD99517003FC87E /* PBXTargetDependency */,
			);
			name = mypetapp_v1Tests;
			productName = mypetapp_v1Tests;
			productReference = 00E356EE1AD99517003FC87E /* mypetapp_v1Tests.xctest */;
			productType = "com.apple.product-type.bundle.unit-test";
		};
		13B07F861A680F5B00A75B9A /* mypetapp_v1 */ = {
			isa = PBXNativeTarget;
			buildConfigurationList = 13B07F931A680F5B00A75B9A /* Build configuration list for PBXNativeTarget "mypetapp_v1" */;
			buildPhases = (
				C841C6A28802812E2E3D3E22 /* [CP] Check Pods Manifest.lock */,
				FD10A7F022414F080027D42C /* Start Packager */,
				13B07F871A680F5B00A75B9A /* Sources */,
				13B07F8C1A680F5B00A75B9A /* Frameworks */,
				13B07F8E1A680F5B00A75B9A /* Resources */,
				00DD1BFF1BD5951E006B06BC /* Bundle React Native code and images */,
				7D62B1D5D72B579C6A447650 /* [CP] Copy Pods Resources */,
				898FCECAD1ACD59E87C9B7C3 /* [CP] Embed Pods Frameworks */,
				9F6F824FEAD9E278EB3776DA /* [CP-User] [RNFB] Core Configuration */,
			);
			buildRules = (
			);
			dependencies = (
			);
			name = mypetapp_v1;
			productName = mypetapp_v1;
			productReference = 13B07F961A680F5B00A75B9A /* mypetapp_v1.app */;
			productType = "com.apple.product-type.application";
		};
		2D02E47A1E0B4A5D006451C7 /* mypetapp_v1-tvOS */ = {
			isa = PBXNativeTarget;
			buildConfigurationList = 2D02E4BA1E0B4A5E006451C7 /* Build configuration list for PBXNativeTarget "mypetapp_v1-tvOS" */;
			buildPhases = (
				FD10A7F122414F3F0027D42C /* Start Packager */,
				2D02E4771E0B4A5D006451C7 /* Sources */,
				2D02E4781E0B4A5D006451C7 /* Frameworks */,
				2D02E4791E0B4A5D006451C7 /* Resources */,
				2D02E4CB1E0B4B27006451C7 /* Bundle React Native Code And Images */,
			);
			buildRules = (
			);
			dependencies = (
			);
			name = "mypetapp_v1-tvOS";
			productName = "mypetapp_v1-tvOS";
			productReference = 2D02E47B1E0B4A5D006451C7 /* mypetapp_v1-tvOS.app */;
			productType = "com.apple.product-type.application";
		};
		2D02E48F1E0B4A5D006451C7 /* mypetapp_v1-tvOSTests */ = {
			isa = PBXNativeTarget;
			buildConfigurationList = 2D02E4BB1E0B4A5E006451C7 /* Build configuration list for PBXNativeTarget "mypetapp_v1-tvOSTests" */;
			buildPhases = (
				2D02E48C1E0B4A5D006451C7 /* Sources */,
				2D02E48D1E0B4A5D006451C7 /* Frameworks */,
				2D02E48E1E0B4A5D006451C7 /* Resources */,
			);
			buildRules = (
			);
			dependencies = (
				2D02E4921E0B4A5D006451C7 /* PBXTargetDependency */,
			);
			name = "mypetapp_v1-tvOSTests";
			productName = "mypetapp_v1-tvOSTests";
			productReference = 2D02E4901E0B4A5D006451C7 /* mypetapp_v1-tvOSTests.xctest */;
			productType = "com.apple.product-type.bundle.unit-test";
		};
/* End PBXNativeTarget section */

/* Begin PBXProject section */
		83CBB9F71A601CBA00E9B192 /* Project object */ = {
			isa = PBXProject;
			attributes = {
				LastUpgradeCheck = 1250;
				TargetAttributes = {
					00E356ED1AD99517003FC87E = {
						CreatedOnToolsVersion = 6.2;
						TestTargetID = 13B07F861A680F5B00A75B9A;
					};
					13B07F861A680F5B00A75B9A = {
						LastSwiftMigration = 1120;
					};
					2D02E47A1E0B4A5D006451C7 = {
						CreatedOnToolsVersion = 8.2.1;
						ProvisioningStyle = Automatic;
					};
					2D02E48F1E0B4A5D006451C7 = {
						CreatedOnToolsVersion = 8.2.1;
						ProvisioningStyle = Automatic;
						TestTargetID = 2D02E47A1E0B4A5D006451C7;
					};
				};
			};
			buildConfigurationList = 83CBB9FA1A601CBA00E9B192 /* Build configuration list for PBXProject "mypetapp_v1" */;
			compatibilityVersion = "Xcode 12.0";
			developmentRegion = en;
			hasScannedForEncodings = 0;
			knownRegions = (
				en,
				Base,
			);
			mainGroup = 83CBB9F61A601CBA00E9B192;
			productRefGroup = 83CBBA001A601CBA00E9B192 /* Products */;
			projectDirPath = "";
			projectRoot = "";
			targets = (
				13B07F861A680F5B00A75B9A /* mypetapp_v1 */,
				00E356ED1AD99517003FC87E /* mypetapp_v1Tests */,
				2D02E47A1E0B4A5D006451C7 /* mypetapp_v1-tvOS */,
				2D02E48F1E0B4A5D006451C7 /* mypetapp_v1-tvOSTests */,
			);
		};
/* End PBXProject section */

/* Begin PBXResourcesBuildPhase section */
		00E356EC1AD99517003FC87E /* Resources */ = {
			isa = PBXResourcesBuildPhase;
			buildActionMask = 2147483647;
			files = (
			);
			runOnlyForDeploymentPostprocessing = 0;
		};
		13B07F8E1A680F5B00A75B9A /* Resources */ = {
			isa = PBXResourcesBuildPhase;
			buildActionMask = 2147483647;
			files = (
				080F717B26E6FB2800FEF75B /* main.jsbundle in Resources */,
				13B07FBF1A68108700A75B9A /* Images.xcassets in Resources */,
				13B07FBD1A68108700A75B9A /* LaunchScreen.xib in Resources */,
				F008F1E6F54240CFB2C1676B /* Montserrat-Bold.ttf in Resources */,
				ECC3CE1D9E0F45EEA3A13677 /* Montserrat-Medium.ttf in Resources */,
				0878754A27A0331900A46DA0 /* GoogleService-Info.plist in Resources */,
			);
			runOnlyForDeploymentPostprocessing = 0;
		};
		2D02E4791E0B4A5D006451C7 /* Resources */ = {
			isa = PBXResourcesBuildPhase;
			buildActionMask = 2147483647;
			files = (
				2D02E4BD1E0B4A84006451C7 /* Images.xcassets in Resources */,
			);
			runOnlyForDeploymentPostprocessing = 0;
		};
		2D02E48E1E0B4A5D006451C7 /* Resources */ = {
			isa = PBXResourcesBuildPhase;
			buildActionMask = 2147483647;
			files = (
			);
			runOnlyForDeploymentPostprocessing = 0;
		};
/* End PBXResourcesBuildPhase section */

/* Begin PBXShellScriptBuildPhase section */
		00DD1BFF1BD5951E006B06BC /* Bundle React Native code and images */ = {
			isa = PBXShellScriptBuildPhase;
			buildActionMask = 2147483647;
			files = (
			);
			inputPaths = (
			);
			name = "Bundle React Native code and images";
			outputPaths = (
			);
			runOnlyForDeploymentPostprocessing = 0;
			shellPath = /bin/sh;
			shellScript = "export NODE_BINARY=node\n../node_modules/react-native/scripts/react-native-xcode.sh\n";
		};
		2D02E4CB1E0B4B27006451C7 /* Bundle React Native Code And Images */ = {
			isa = PBXShellScriptBuildPhase;
			buildActionMask = 2147483647;
			files = (
			);
			inputPaths = (
			);
			name = "Bundle React Native Code And Images";
			outputPaths = (
			);
			runOnlyForDeploymentPostprocessing = 0;
			shellPath = /bin/sh;
			shellScript = "export NODE_BINARY=node\n../node_modules/react-native/scripts/react-native-xcode.sh";
		};
		369A911E21ACDC0250F11B7E /* [CP] Copy Pods Resources */ = {
			isa = PBXShellScriptBuildPhase;
			buildActionMask = 2147483647;
			files = (
			);
			inputFileListPaths = (
				"${PODS_ROOT}/Target Support Files/Pods-mypetapp_v1-mypetapp_v1Tests/Pods-mypetapp_v1-mypetapp_v1Tests-resources-${CONFIGURATION}-input-files.xcfilelist",
			);
			name = "[CP] Copy Pods Resources";
			outputFileListPaths = (
				"${PODS_ROOT}/Target Support Files/Pods-mypetapp_v1-mypetapp_v1Tests/Pods-mypetapp_v1-mypetapp_v1Tests-resources-${CONFIGURATION}-output-files.xcfilelist",
			);
			runOnlyForDeploymentPostprocessing = 0;
			shellPath = /bin/sh;
			shellScript = "\"${PODS_ROOT}/Target Support Files/Pods-mypetapp_v1-mypetapp_v1Tests/Pods-mypetapp_v1-mypetapp_v1Tests-resources.sh\"\n";
			showEnvVarsInLog = 0;
		};
		7D62B1D5D72B579C6A447650 /* [CP] Copy Pods Resources */ = {
			isa = PBXShellScriptBuildPhase;
			buildActionMask = 2147483647;
			files = (
			);
			inputFileListPaths = (
				"${PODS_ROOT}/Target Support Files/Pods-mypetapp_v1/Pods-mypetapp_v1-resources-${CONFIGURATION}-input-files.xcfilelist",
			);
			name = "[CP] Copy Pods Resources";
			outputFileListPaths = (
				"${PODS_ROOT}/Target Support Files/Pods-mypetapp_v1/Pods-mypetapp_v1-resources-${CONFIGURATION}-output-files.xcfilelist",
			);
			runOnlyForDeploymentPostprocessing = 0;
			shellPath = /bin/sh;
			shellScript = "\"${PODS_ROOT}/Target Support Files/Pods-mypetapp_v1/Pods-mypetapp_v1-resources.sh\"\n";
			showEnvVarsInLog = 0;
		};
		861B63C666DA4E19683DAF66 /* [CP] Check Pods Manifest.lock */ = {
			isa = PBXShellScriptBuildPhase;
			buildActionMask = 2147483647;
			files = (
			);
			inputFileListPaths = (
			);
			inputPaths = (
				"${PODS_PODFILE_DIR_PATH}/Podfile.lock",
				"${PODS_ROOT}/Manifest.lock",
			);
			name = "[CP] Check Pods Manifest.lock";
			outputFileListPaths = (
			);
			outputPaths = (
				"$(DERIVED_FILE_DIR)/Pods-mypetapp_v1-mypetapp_v1Tests-checkManifestLockResult.txt",
			);
			runOnlyForDeploymentPostprocessing = 0;
			shellPath = /bin/sh;
			shellScript = "diff \"${PODS_PODFILE_DIR_PATH}/Podfile.lock\" \"${PODS_ROOT}/Manifest.lock\" > /dev/null\nif [ $? != 0 ] ; then\n    # print error to STDERR\n    echo \"error: The sandbox is not in sync with the Podfile.lock. Run 'pod install' or update your CocoaPods installation.\" >&2\n    exit 1\nfi\n# This output is used by Xcode 'outputs' to avoid re-running this script phase.\necho \"SUCCESS\" > \"${SCRIPT_OUTPUT_FILE_0}\"\n";
			showEnvVarsInLog = 0;
		};
		86FD8911BB89FAE1B52022C0 /* [CP] Embed Pods Frameworks */ = {
			isa = PBXShellScriptBuildPhase;
			buildActionMask = 2147483647;
			files = (
			);
			inputFileListPaths = (
				"${PODS_ROOT}/Target Support Files/Pods-mypetapp_v1-mypetapp_v1Tests/Pods-mypetapp_v1-mypetapp_v1Tests-frameworks-${CONFIGURATION}-input-files.xcfilelist",
			);
			name = "[CP] Embed Pods Frameworks";
			outputFileListPaths = (
				"${PODS_ROOT}/Target Support Files/Pods-mypetapp_v1-mypetapp_v1Tests/Pods-mypetapp_v1-mypetapp_v1Tests-frameworks-${CONFIGURATION}-output-files.xcfilelist",
			);
			runOnlyForDeploymentPostprocessing = 0;
			shellPath = /bin/sh;
			shellScript = "\"${PODS_ROOT}/Target Support Files/Pods-mypetapp_v1-mypetapp_v1Tests/Pods-mypetapp_v1-mypetapp_v1Tests-frameworks.sh\"\n";
			showEnvVarsInLog = 0;
		};
		898FCECAD1ACD59E87C9B7C3 /* [CP] Embed Pods Frameworks */ = {
			isa = PBXShellScriptBuildPhase;
			buildActionMask = 2147483647;
			files = (
			);
			inputFileListPaths = (
				"${PODS_ROOT}/Target Support Files/Pods-mypetapp_v1/Pods-mypetapp_v1-frameworks-${CONFIGURATION}-input-files.xcfilelist",
			);
			name = "[CP] Embed Pods Frameworks";
			outputFileListPaths = (
				"${PODS_ROOT}/Target Support Files/Pods-mypetapp_v1/Pods-mypetapp_v1-frameworks-${CONFIGURATION}-output-files.xcfilelist",
			);
			runOnlyForDeploymentPostprocessing = 0;
			shellPath = /bin/sh;
			shellScript = "\"${PODS_ROOT}/Target Support Files/Pods-mypetapp_v1/Pods-mypetapp_v1-frameworks.sh\"\n";
			showEnvVarsInLog = 0;
		};
		9F6F824FEAD9E278EB3776DA /* [CP-User] [RNFB] Core Configuration */ = {
			isa = PBXShellScriptBuildPhase;
			buildActionMask = 2147483647;
			files = (
			);
			inputPaths = (
				"$(BUILT_PRODUCTS_DIR)/$(INFOPLIST_PATH)",
			);
			name = "[CP-User] [RNFB] Core Configuration";
			runOnlyForDeploymentPostprocessing = 0;
			shellPath = /bin/sh;
			shellScript = "#!/usr/bin/env bash\n#\n# Copyright (c) 2016-present Invertase Limited & Contributors\n#\n# Licensed under the Apache License, Version 2.0 (the \"License\");\n# you may not use this library except in compliance with the License.\n# You may obtain a copy of the License at\n#\n#   http://www.apache.org/licenses/LICENSE-2.0\n#\n# Unless required by applicable law or agreed to in writing, software\n# distributed under the License is distributed on an \"AS IS\" BASIS,\n# WITHOUT WARRANTIES OR CONDITIONS OF ANY KIND, either express or implied.\n# See the License for the specific language governing permissions and\n# limitations under the License.\n#\nset -e\n\n_MAX_LOOKUPS=2;\n_SEARCH_RESULT=''\n_RN_ROOT_EXISTS=''\n_CURRENT_LOOKUPS=1\n_JSON_ROOT=\"'react-native'\"\n_JSON_FILE_NAME='firebase.json'\n_JSON_OUTPUT_BASE64='e30=' # { }\n_CURRENT_SEARCH_DIR=${PROJECT_DIR}\n_PLIST_BUDDY=/usr/libexec/PlistBuddy\n_TARGET_PLIST=\"${BUILT_PRODUCTS_DIR}/${INFOPLIST_PATH}\"\n_DSYM_PLIST=\"${DWARF_DSYM_FOLDER_PATH}/${DWARF_DSYM_FILE_NAME}/Contents/Info.plist\"\n\n# plist arrays\n_PLIST_ENTRY_KEYS=()\n_PLIST_ENTRY_TYPES=()\n_PLIST_ENTRY_VALUES=()\n\nfunction setPlistValue {\n  echo \"info:      setting plist entry '$1' of type '$2' in file '$4'\"\n  ${_PLIST_BUDDY} -c \"Add :$1 $2 '$3'\" $4 || echo \"info:      '$1' already exists\"\n}\n\nfunction getFirebaseJsonKeyValue () {\n  if [[ ${_RN_ROOT_EXISTS} ]]; then\n    ruby -e \"require 'rubygems';require 'json'; output=JSON.parse('$1'); puts output[$_JSON_ROOT]['$2']\"\n  else\n    echo \"\"\n  fi;\n}\n\nfunction jsonBoolToYesNo () {\n  if [[ $1 == \"false\" ]]; then\n    echo \"NO\"\n  elif [[ $1 == \"true\" ]]; then\n    echo \"YES\"\n  else echo \"NO\"\n  fi\n}\n\necho \"info: -> RNFB build script started\"\necho \"info: 1) Locating ${_JSON_FILE_NAME} file:\"\n\nif [[ -z ${_CURRENT_SEARCH_DIR} ]]; then\n  _CURRENT_SEARCH_DIR=$(pwd)\nfi;\n\nwhile true; do\n  _CURRENT_SEARCH_DIR=$(dirname \"$_CURRENT_SEARCH_DIR\")\n  if [[ \"$_CURRENT_SEARCH_DIR\" == \"/\" ]] || [[ ${_CURRENT_LOOKUPS} -gt ${_MAX_LOOKUPS} ]]; then break; fi;\n  echo \"info:      ($_CURRENT_LOOKUPS of $_MAX_LOOKUPS) Searching in '$_CURRENT_SEARCH_DIR' for a ${_JSON_FILE_NAME} file.\"\n  _SEARCH_RESULT=$(find \"$_CURRENT_SEARCH_DIR\" -maxdepth 2 -name ${_JSON_FILE_NAME} -print | /usr/bin/head -n 1)\n  if [[ ${_SEARCH_RESULT} ]]; then\n    echo \"info:      ${_JSON_FILE_NAME} found at $_SEARCH_RESULT\"\n    break;\n  fi;\n  _CURRENT_LOOKUPS=$((_CURRENT_LOOKUPS+1))\ndone\n\nif [[ ${_SEARCH_RESULT} ]]; then\n  _JSON_OUTPUT_RAW=$(cat \"${_SEARCH_RESULT}\")\n  _RN_ROOT_EXISTS=$(ruby -e \"require 'rubygems';require 'json'; output=JSON.parse('$_JSON_OUTPUT_RAW'); puts output[$_JSON_ROOT]\" || echo '')\n\n  if [[ ${_RN_ROOT_EXISTS} ]]; then\n    _JSON_OUTPUT_BASE64=$(python -c 'import json,sys,base64;print(base64.b64encode(json.dumps(json.loads(open('\"'${_SEARCH_RESULT}'\"').read())['${_JSON_ROOT}'])))' || echo \"e30=\")\n  fi\n\n  _PLIST_ENTRY_KEYS+=(\"firebase_json_raw\")\n  _PLIST_ENTRY_TYPES+=(\"string\")\n  _PLIST_ENTRY_VALUES+=(\"$_JSON_OUTPUT_BASE64\")\n\n  # config.app_data_collection_default_enabled\n  _APP_DATA_COLLECTION_ENABLED=$(getFirebaseJsonKeyValue \"$_JSON_OUTPUT_RAW\" \"app_data_collection_default_enabled\")\n  if [[ $_APP_DATA_COLLECTION_ENABLED ]]; then\n    _PLIST_ENTRY_KEYS+=(\"FirebaseDataCollectionDefaultEnabled\")\n    _PLIST_ENTRY_TYPES+=(\"bool\")\n    _PLIST_ENTRY_VALUES+=(\"$(jsonBoolToYesNo \"$_APP_DATA_COLLECTION_ENABLED\")\")\n  fi\n\n  # config.analytics_auto_collection_enabled\n  _ANALYTICS_AUTO_COLLECTION=$(getFirebaseJsonKeyValue \"$_JSON_OUTPUT_RAW\" \"analytics_auto_collection_enabled\")\n  if [[ $_ANALYTICS_AUTO_COLLECTION ]]; then\n    _PLIST_ENTRY_KEYS+=(\"FIREBASE_ANALYTICS_COLLECTION_ENABLED\")\n    _PLIST_ENTRY_TYPES+=(\"bool\")\n    _PLIST_ENTRY_VALUES+=(\"$(jsonBoolToYesNo \"$_ANALYTICS_AUTO_COLLECTION\")\")\n  fi\n\n  # config.analytics_collection_deactivated\n  _ANALYTICS_DEACTIVATED=$(getFirebaseJsonKeyValue \"$_JSON_OUTPUT_RAW\" \"analytics_collection_deactivated\")\n  if [[ $_ANALYTICS_DEACTIVATED ]]; then\n    _PLIST_ENTRY_KEYS+=(\"FIREBASE_ANALYTICS_COLLECTION_DEACTIVATED\")\n    _PLIST_ENTRY_TYPES+=(\"bool\")\n    _PLIST_ENTRY_VALUES+=(\"$(jsonBoolToYesNo \"$_ANALYTICS_DEACTIVATED\")\")\n  fi\n\n  # config.analytics_idfv_collection_enabled\n  _ANALYTICS_IDFV_COLLECTION=$(getFirebaseJsonKeyValue \"$_JSON_OUTPUT_RAW\" \"analytics_idfv_collection_enabled\")\n  if [[ $_ANALYTICS_IDFV_COLLECTION ]]; then\n    _PLIST_ENTRY_KEYS+=(\"GOOGLE_ANALYTICS_IDFV_COLLECTION_ENABLED\")\n    _PLIST_ENTRY_TYPES+=(\"bool\")\n    _PLIST_ENTRY_VALUES+=(\"$(jsonBoolToYesNo \"$_ANALYTICS_IDFV_COLLECTION\")\")\n  fi\n\n  # config.analytics_default_allow_ad_personalization_signals\n  _ANALYTICS_PERSONALIZATION=$(getFirebaseJsonKeyValue \"$_JSON_OUTPUT_RAW\" \"analytics_default_allow_ad_personalization_signals\")\n  if [[ $_ANALYTICS_PERSONALIZATION ]]; then\n    _PLIST_ENTRY_KEYS+=(\"GOOGLE_ANALYTICS_DEFAULT_ALLOW_AD_PERSONALIZATION_SIGNALS\")\n    _PLIST_ENTRY_TYPES+=(\"bool\")\n    _PLIST_ENTRY_VALUES+=(\"$(jsonBoolToYesNo \"$_ANALYTICS_PERSONALIZATION\")\")\n  fi\n\n  # config.perf_auto_collection_enabled\n  _PERF_AUTO_COLLECTION=$(getFirebaseJsonKeyValue \"$_JSON_OUTPUT_RAW\" \"perf_auto_collection_enabled\")\n  if [[ $_PERF_AUTO_COLLECTION ]]; then\n    _PLIST_ENTRY_KEYS+=(\"firebase_performance_collection_enabled\")\n    _PLIST_ENTRY_TYPES+=(\"bool\")\n    _PLIST_ENTRY_VALUES+=(\"$(jsonBoolToYesNo \"$_PERF_AUTO_COLLECTION\")\")\n  fi\n\n  # config.perf_collection_deactivated\n  _PERF_DEACTIVATED=$(getFirebaseJsonKeyValue \"$_JSON_OUTPUT_RAW\" \"perf_collection_deactivated\")\n  if [[ $_PERF_DEACTIVATED ]]; then\n    _PLIST_ENTRY_KEYS+=(\"firebase_performance_collection_deactivated\")\n    _PLIST_ENTRY_TYPES+=(\"bool\")\n    _PLIST_ENTRY_VALUES+=(\"$(jsonBoolToYesNo \"$_PERF_DEACTIVATED\")\")\n  fi\n\n  # config.messaging_auto_init_enabled\n  _MESSAGING_AUTO_INIT=$(getFirebaseJsonKeyValue \"$_JSON_OUTPUT_RAW\" \"messaging_auto_init_enabled\")\n  if [[ $_MESSAGING_AUTO_INIT ]]; then\n    _PLIST_ENTRY_KEYS+=(\"FirebaseMessagingAutoInitEnabled\")\n    _PLIST_ENTRY_TYPES+=(\"bool\")\n    _PLIST_ENTRY_VALUES+=(\"$(jsonBoolToYesNo \"$_MESSAGING_AUTO_INIT\")\")\n  fi\n\n  # config.in_app_messaging_auto_colllection_enabled\n  _FIAM_AUTO_INIT=$(getFirebaseJsonKeyValue \"$_JSON_OUTPUT_RAW\" \"in_app_messaging_auto_collection_enabled\")\n  if [[ $_FIAM_AUTO_INIT ]]; then\n    _PLIST_ENTRY_KEYS+=(\"FirebaseInAppMessagingAutomaticDataCollectionEnabled\")\n    _PLIST_ENTRY_TYPES+=(\"bool\")\n    _PLIST_ENTRY_VALUES+=(\"$(jsonBoolToYesNo \"$_FIAM_AUTO_INIT\")\")\n  fi\n\n  # config.app_check_token_auto_refresh\n  _APP_CHECK_TOKEN_AUTO_REFRESH=$(getFirebaseJsonKeyValue \"$_JSON_OUTPUT_RAW\" \"app_check_token_auto_refresh\")\n  if [[ $_APP_CHECK_TOKEN_AUTO_REFRESH ]]; then\n    _PLIST_ENTRY_KEYS+=(\"FirebaseAppCheckTokenAutoRefreshEnabled\")\n    _PLIST_ENTRY_TYPES+=(\"bool\")\n    _PLIST_ENTRY_VALUES+=(\"$(jsonBoolToYesNo \"$_APP_CHECK_TOKEN_AUTO_REFRESH\")\")\n  fi\n\n  # config.crashlytics_disable_auto_disabler - undocumented for now - mainly for debugging, document if becomes useful\n  _CRASHLYTICS_AUTO_DISABLE_ENABLED=$(getFirebaseJsonKeyValue \"$_JSON_OUTPUT_RAW\" \"crashlytics_disable_auto_disabler\")\n  if [[ $_CRASHLYTICS_AUTO_DISABLE_ENABLED == \"true\" ]]; then\n    echo \"Disabled Crashlytics auto disabler.\" # do nothing\n  else\n    _PLIST_ENTRY_KEYS+=(\"FirebaseCrashlyticsCollectionEnabled\")\n    _PLIST_ENTRY_TYPES+=(\"bool\")\n    _PLIST_ENTRY_VALUES+=(\"NO\")\n  fi\nelse\n  _PLIST_ENTRY_KEYS+=(\"firebase_json_raw\")\n  _PLIST_ENTRY_TYPES+=(\"string\")\n  _PLIST_ENTRY_VALUES+=(\"$_JSON_OUTPUT_BASE64\")\n  echo \"warning:   A firebase.json file was not found, whilst this file is optional it is recommended to include it to configure firebase services in React Native Firebase.\"\nfi;\n\necho \"info: 2) Injecting Info.plist entries: \"\n\n# Log out the keys we're adding\nfor i in \"${!_PLIST_ENTRY_KEYS[@]}\"; do\n  echo \"    ->  $i) ${_PLIST_ENTRY_KEYS[$i]}\" \"${_PLIST_ENTRY_TYPES[$i]}\" \"${_PLIST_ENTRY_VALUES[$i]}\"\ndone\n\nfor plist in \"${_TARGET_PLIST}\" \"${_DSYM_PLIST}\" ; do\n  if [[ -f \"${plist}\" ]]; then\n\n    # paths with spaces break the call to setPlistValue. temporarily modify\n    # the shell internal field separator variable (IFS), which normally\n    # includes spaces, to consist only of line breaks\n    oldifs=$IFS\n    IFS=\"\n\"\n\n    for i in \"${!_PLIST_ENTRY_KEYS[@]}\"; do\n      setPlistValue \"${_PLIST_ENTRY_KEYS[$i]}\" \"${_PLIST_ENTRY_TYPES[$i]}\" \"${_PLIST_ENTRY_VALUES[$i]}\" \"${plist}\"\n    done\n\n    # restore the original internal field separator value\n    IFS=$oldifs\n  else\n    echo \"warning:   A Info.plist build output file was not found (${plist})\"\n  fi\ndone\n\necho \"info: <- RNFB build script finished\"\n";
		};
		C841C6A28802812E2E3D3E22 /* [CP] Check Pods Manifest.lock */ = {
			isa = PBXShellScriptBuildPhase;
			buildActionMask = 2147483647;
			files = (
			);
			inputFileListPaths = (
			);
			inputPaths = (
				"${PODS_PODFILE_DIR_PATH}/Podfile.lock",
				"${PODS_ROOT}/Manifest.lock",
			);
			name = "[CP] Check Pods Manifest.lock";
			outputFileListPaths = (
			);
			outputPaths = (
				"$(DERIVED_FILE_DIR)/Pods-mypetapp_v1-checkManifestLockResult.txt",
			);
			runOnlyForDeploymentPostprocessing = 0;
			shellPath = /bin/sh;
			shellScript = "diff \"${PODS_PODFILE_DIR_PATH}/Podfile.lock\" \"${PODS_ROOT}/Manifest.lock\" > /dev/null\nif [ $? != 0 ] ; then\n    # print error to STDERR\n    echo \"error: The sandbox is not in sync with the Podfile.lock. Run 'pod install' or update your CocoaPods installation.\" >&2\n    exit 1\nfi\n# This output is used by Xcode 'outputs' to avoid re-running this script phase.\necho \"SUCCESS\" > \"${SCRIPT_OUTPUT_FILE_0}\"\n";
			showEnvVarsInLog = 0;
		};
		FD10A7F022414F080027D42C /* Start Packager */ = {
			isa = PBXShellScriptBuildPhase;
			buildActionMask = 2147483647;
			files = (
			);
			inputFileListPaths = (
			);
			inputPaths = (
			);
			name = "Start Packager";
			outputFileListPaths = (
			);
			outputPaths = (
			);
			runOnlyForDeploymentPostprocessing = 0;
			shellPath = /bin/sh;
			shellScript = "export RCT_METRO_PORT=\"${RCT_METRO_PORT:=8081}\"\necho \"export RCT_METRO_PORT=${RCT_METRO_PORT}\" > \"${SRCROOT}/../node_modules/react-native/scripts/.packager.env\"\nif [ -z \"${RCT_NO_LAUNCH_PACKAGER+xxx}\" ] ; then\n  if nc -w 5 -z localhost ${RCT_METRO_PORT} ; then\n    if ! curl -s \"http://localhost:${RCT_METRO_PORT}/status\" | grep -q \"packager-status:running\" ; then\n      echo \"Port ${RCT_METRO_PORT} already in use, packager is either not running or not running correctly\"\n      exit 2\n    fi\n  else\n    open \"$SRCROOT/../node_modules/react-native/scripts/launchPackager.command\" || echo \"Can't start packager automatically\"\n  fi\nfi\n";
			showEnvVarsInLog = 0;
		};
		FD10A7F122414F3F0027D42C /* Start Packager */ = {
			isa = PBXShellScriptBuildPhase;
			buildActionMask = 2147483647;
			files = (
			);
			inputFileListPaths = (
			);
			inputPaths = (
			);
			name = "Start Packager";
			outputFileListPaths = (
			);
			outputPaths = (
			);
			runOnlyForDeploymentPostprocessing = 0;
			shellPath = /bin/sh;
			shellScript = "export RCT_METRO_PORT=\"${RCT_METRO_PORT:=8081}\"\necho \"export RCT_METRO_PORT=${RCT_METRO_PORT}\" > \"${SRCROOT}/../node_modules/react-native/scripts/.packager.env\"\nif [ -z \"${RCT_NO_LAUNCH_PACKAGER+xxx}\" ] ; then\n  if nc -w 5 -z localhost ${RCT_METRO_PORT} ; then\n    if ! curl -s \"http://localhost:${RCT_METRO_PORT}/status\" | grep -q \"packager-status:running\" ; then\n      echo \"Port ${RCT_METRO_PORT} already in use, packager is either not running or not running correctly\"\n      exit 2\n    fi\n  else\n    open \"$SRCROOT/../node_modules/react-native/scripts/launchPackager.command\" || echo \"Can't start packager automatically\"\n  fi\nfi\n";
			showEnvVarsInLog = 0;
		};
/* End PBXShellScriptBuildPhase section */

/* Begin PBXSourcesBuildPhase section */
		00E356EA1AD99517003FC87E /* Sources */ = {
			isa = PBXSourcesBuildPhase;
			buildActionMask = 2147483647;
			files = (
				00E356F31AD99517003FC87E /* mypetapp_v1Tests.m in Sources */,
			);
			runOnlyForDeploymentPostprocessing = 0;
		};
		13B07F871A680F5B00A75B9A /* Sources */ = {
			isa = PBXSourcesBuildPhase;
			buildActionMask = 2147483647;
			files = (
				13B07FBC1A68108700A75B9A /* AppDelegate.m in Sources */,
				13B07FC11A68108700A75B9A /* main.m in Sources */,
			);
			runOnlyForDeploymentPostprocessing = 0;
		};
		2D02E4771E0B4A5D006451C7 /* Sources */ = {
			isa = PBXSourcesBuildPhase;
			buildActionMask = 2147483647;
			files = (
				2D02E4BF1E0B4AB3006451C7 /* main.m in Sources */,
				2D02E4BC1E0B4A80006451C7 /* AppDelegate.m in Sources */,
			);
			runOnlyForDeploymentPostprocessing = 0;
		};
		2D02E48C1E0B4A5D006451C7 /* Sources */ = {
			isa = PBXSourcesBuildPhase;
			buildActionMask = 2147483647;
			files = (
				2DCD954D1E0B4F2C00145EB5 /* mypetapp_v1Tests.m in Sources */,
			);
			runOnlyForDeploymentPostprocessing = 0;
		};
/* End PBXSourcesBuildPhase section */

/* Begin PBXTargetDependency section */
		00E356F51AD99517003FC87E /* PBXTargetDependency */ = {
			isa = PBXTargetDependency;
			target = 13B07F861A680F5B00A75B9A /* mypetapp_v1 */;
			targetProxy = 00E356F41AD99517003FC87E /* PBXContainerItemProxy */;
		};
		2D02E4921E0B4A5D006451C7 /* PBXTargetDependency */ = {
			isa = PBXTargetDependency;
			target = 2D02E47A1E0B4A5D006451C7 /* mypetapp_v1-tvOS */;
			targetProxy = 2D02E4911E0B4A5D006451C7 /* PBXContainerItemProxy */;
		};
/* End PBXTargetDependency section */

/* Begin PBXVariantGroup section */
		13B07FB11A68108700A75B9A /* LaunchScreen.xib */ = {
			isa = PBXVariantGroup;
			children = (
				13B07FB21A68108700A75B9A /* Base */,
			);
			name = LaunchScreen.xib;
			path = mypetapp_v1;
			sourceTree = "<group>";
		};
/* End PBXVariantGroup section */

/* Begin XCBuildConfiguration section */
		00E356F61AD99517003FC87E /* Debug */ = {
			isa = XCBuildConfiguration;
			baseConfigurationReference = BE84B096D0779DA2A0147436 /* Pods-mypetapp_v1-mypetapp_v1Tests.debug.xcconfig */;
			buildSettings = {
				BUNDLE_LOADER = "$(TEST_HOST)";
				GCC_PREPROCESSOR_DEFINITIONS = (
					"DEBUG=1",
					"$(inherited)",
				);
				INFOPLIST_FILE = mypetapp_v1Tests/Info.plist;
				IPHONEOS_DEPLOYMENT_TARGET = 12.0;
				LD_RUNPATH_SEARCH_PATHS = (
					"$(inherited)",
					"@executable_path/Frameworks",
					"@loader_path/Frameworks",
				);
				OTHER_LDFLAGS = (
					"-ObjC",
					"-lc++",
					"$(inherited)",
				);
				PRODUCT_BUNDLE_IDENTIFIER = "org.reactjs.native.example.$(PRODUCT_NAME:rfc1034identifier)";
				PRODUCT_NAME = "$(TARGET_NAME)";
				TEST_HOST = "$(BUILT_PRODUCTS_DIR)/mypetapp_v1.app/mypetapp_v1";
			};
			name = Debug;
		};
		00E356F71AD99517003FC87E /* Release */ = {
			isa = XCBuildConfiguration;
			baseConfigurationReference = 81BC0A327D5678E6E5F8FAB5 /* Pods-mypetapp_v1-mypetapp_v1Tests.release.xcconfig */;
			buildSettings = {
				BUNDLE_LOADER = "$(TEST_HOST)";
				COPY_PHASE_STRIP = NO;
				INFOPLIST_FILE = mypetapp_v1Tests/Info.plist;
				IPHONEOS_DEPLOYMENT_TARGET = 12.0;
				LD_RUNPATH_SEARCH_PATHS = (
					"$(inherited)",
					"@executable_path/Frameworks",
					"@loader_path/Frameworks",
				);
				OTHER_LDFLAGS = (
					"-ObjC",
					"-lc++",
					"$(inherited)",
				);
				PRODUCT_BUNDLE_IDENTIFIER = "org.reactjs.native.example.$(PRODUCT_NAME:rfc1034identifier)";
				PRODUCT_NAME = "$(TARGET_NAME)";
				TEST_HOST = "$(BUILT_PRODUCTS_DIR)/mypetapp_v1.app/mypetapp_v1";
			};
			name = Release;
		};
		13B07F941A680F5B00A75B9A /* Debug */ = {
			isa = XCBuildConfiguration;
			baseConfigurationReference = 3DF095D6C3CA7EAAA37B68BF /* Pods-mypetapp_v1.debug.xcconfig */;
			buildSettings = {
				ASSETCATALOG_COMPILER_APPICON_NAME = AppIcon;
				CLANG_ENABLE_MODULES = YES;
				CODE_SIGN_ENTITLEMENTS = mypetapp_v1/mypetapp_v1.entitlements;
				CODE_SIGN_IDENTITY = "Apple Development";
				CODE_SIGN_STYLE = Automatic;
				CURRENT_PROJECT_VERSION = 2;
				DEVELOPMENT_TEAM = NBT435V5M8;
				ENABLE_BITCODE = NO;
				EXCLUDED_ARCHS = "";
				"EXCLUDED_ARCHS[sdk=iphonesimulator*]" = arm64;
				GCC_PREPROCESSOR_DEFINITIONS = (
					"$(inherited)",
					"FB_SONARKIT_ENABLED=1",
				);
				INFOPLIST_FILE = mypetapp_v1/Info.plist;
				IPHONEOS_DEPLOYMENT_TARGET = 14.0;
				LD_RUNPATH_SEARCH_PATHS = (
					"$(inherited)",
					"@executable_path/Frameworks",
				);
				LIBRARY_SEARCH_PATHS = (
					"$(inherited)",
					"${PODS_CONFIGURATION_BUILD_DIR}/BVLinearGradient",
					"${PODS_CONFIGURATION_BUILD_DIR}/DoubleConversion",
					"${PODS_CONFIGURATION_BUILD_DIR}/FBReactNativeSpec",
					"${PODS_CONFIGURATION_BUILD_DIR}/Folly",
					"${PODS_CONFIGURATION_BUILD_DIR}/Google-Maps-iOS-Utils",
					"${PODS_CONFIGURATION_BUILD_DIR}/RCTTypeSafety",
					"${PODS_CONFIGURATION_BUILD_DIR}/RNCAsyncStorage",
					"${PODS_CONFIGURATION_BUILD_DIR}/RNCMaskedView",
					"${PODS_CONFIGURATION_BUILD_DIR}/RNCPicker",
					"${PODS_CONFIGURATION_BUILD_DIR}/RNDeviceInfo",
					"${PODS_CONFIGURATION_BUILD_DIR}/RNGestureHandler",
					"${PODS_CONFIGURATION_BUILD_DIR}/RNImageCropPicker",
					"${PODS_CONFIGURATION_BUILD_DIR}/RNReanimated",
					"${PODS_CONFIGURATION_BUILD_DIR}/RNSVG",
					"${PODS_CONFIGURATION_BUILD_DIR}/RNScreens",
					"${PODS_CONFIGURATION_BUILD_DIR}/React-Core",
					"${PODS_CONFIGURATION_BUILD_DIR}/React-CoreModules",
					"${PODS_CONFIGURATION_BUILD_DIR}/React-RCTAnimation",
					"${PODS_CONFIGURATION_BUILD_DIR}/React-RCTBlob",
					"${PODS_CONFIGURATION_BUILD_DIR}/React-RCTImage",
					"${PODS_CONFIGURATION_BUILD_DIR}/React-RCTLinking",
					"${PODS_CONFIGURATION_BUILD_DIR}/React-RCTNetwork",
					"${PODS_CONFIGURATION_BUILD_DIR}/React-RCTSettings",
					"${PODS_CONFIGURATION_BUILD_DIR}/React-RCTText",
					"${PODS_CONFIGURATION_BUILD_DIR}/React-RCTVibration",
					"${PODS_CONFIGURATION_BUILD_DIR}/React-cxxreact",
					"${PODS_CONFIGURATION_BUILD_DIR}/React-jsi",
					"${PODS_CONFIGURATION_BUILD_DIR}/React-jsiexecutor",
					"${PODS_CONFIGURATION_BUILD_DIR}/React-jsinspector",
					"${PODS_CONFIGURATION_BUILD_DIR}/ReactCommon",
					"${PODS_CONFIGURATION_BUILD_DIR}/TOCropViewController",
					"${PODS_CONFIGURATION_BUILD_DIR}/Yoga",
					"${PODS_CONFIGURATION_BUILD_DIR}/glog",
					"${PODS_CONFIGURATION_BUILD_DIR}/react-native-appearance",
					"${PODS_CONFIGURATION_BUILD_DIR}/react-native-geolocation",
					"${PODS_CONFIGURATION_BUILD_DIR}/react-native-google-maps",
					"${PODS_CONFIGURATION_BUILD_DIR}/react-native-image-picker",
					"${PODS_CONFIGURATION_BUILD_DIR}/react-native-maps",
					"${PODS_CONFIGURATION_BUILD_DIR}/react-native-safe-area-context",
					"${PODS_CONFIGURATION_BUILD_DIR}/rn-fetch-blob",
				);
				MARKETING_VERSION = 1.7;
				OTHER_LDFLAGS = "$(inherited)";
				PRODUCT_BUNDLE_IDENTIFIER = org.ibapol.dogit;
				PRODUCT_NAME = mypetapp_v1;
				SWIFT_OPTIMIZATION_LEVEL = "-Onone";
				SWIFT_VERSION = 5.0;
				VERSIONING_SYSTEM = "apple-generic";
			};
			name = Debug;
		};
		13B07F951A680F5B00A75B9A /* Release */ = {
			isa = XCBuildConfiguration;
			baseConfigurationReference = F944D7C5BFCE0BD726E681FC /* Pods-mypetapp_v1.release.xcconfig */;
			buildSettings = {
				ASSETCATALOG_COMPILER_APPICON_NAME = AppIcon;
				CLANG_ENABLE_MODULES = YES;
				CODE_SIGN_ENTITLEMENTS = mypetapp_v1/mypetapp_v1.entitlements;
				CODE_SIGN_STYLE = Automatic;
				CURRENT_PROJECT_VERSION = 2;
				DEVELOPMENT_TEAM = NBT435V5M8;
				EXCLUDED_ARCHS = "";
				"EXCLUDED_ARCHS[sdk=iphonesimulator*]" = arm64;
				INFOPLIST_FILE = mypetapp_v1/Info.plist;
				IPHONEOS_DEPLOYMENT_TARGET = 14.0;
				LD_RUNPATH_SEARCH_PATHS = (
					"$(inherited)",
					"@executable_path/Frameworks",
				);
				LIBRARY_SEARCH_PATHS = (
					"$(inherited)",
					"${PODS_CONFIGURATION_BUILD_DIR}/BVLinearGradient",
					"${PODS_CONFIGURATION_BUILD_DIR}/DoubleConversion",
					"${PODS_CONFIGURATION_BUILD_DIR}/FBReactNativeSpec",
					"${PODS_CONFIGURATION_BUILD_DIR}/Folly",
					"${PODS_CONFIGURATION_BUILD_DIR}/Google-Maps-iOS-Utils",
					"${PODS_CONFIGURATION_BUILD_DIR}/RCTTypeSafety",
					"${PODS_CONFIGURATION_BUILD_DIR}/RNCAsyncStorage",
					"${PODS_CONFIGURATION_BUILD_DIR}/RNCMaskedView",
					"${PODS_CONFIGURATION_BUILD_DIR}/RNCPicker",
					"${PODS_CONFIGURATION_BUILD_DIR}/RNDeviceInfo",
					"${PODS_CONFIGURATION_BUILD_DIR}/RNGestureHandler",
					"${PODS_CONFIGURATION_BUILD_DIR}/RNImageCropPicker",
					"${PODS_CONFIGURATION_BUILD_DIR}/RNReanimated",
					"${PODS_CONFIGURATION_BUILD_DIR}/RNSVG",
					"${PODS_CONFIGURATION_BUILD_DIR}/RNScreens",
					"${PODS_CONFIGURATION_BUILD_DIR}/React-Core",
					"${PODS_CONFIGURATION_BUILD_DIR}/React-CoreModules",
					"${PODS_CONFIGURATION_BUILD_DIR}/React-RCTAnimation",
					"${PODS_CONFIGURATION_BUILD_DIR}/React-RCTBlob",
					"${PODS_CONFIGURATION_BUILD_DIR}/React-RCTImage",
					"${PODS_CONFIGURATION_BUILD_DIR}/React-RCTLinking",
					"${PODS_CONFIGURATION_BUILD_DIR}/React-RCTNetwork",
					"${PODS_CONFIGURATION_BUILD_DIR}/React-RCTSettings",
					"${PODS_CONFIGURATION_BUILD_DIR}/React-RCTText",
					"${PODS_CONFIGURATION_BUILD_DIR}/React-RCTVibration",
					"${PODS_CONFIGURATION_BUILD_DIR}/React-cxxreact",
					"${PODS_CONFIGURATION_BUILD_DIR}/React-jsi",
					"${PODS_CONFIGURATION_BUILD_DIR}/React-jsiexecutor",
					"${PODS_CONFIGURATION_BUILD_DIR}/React-jsinspector",
					"${PODS_CONFIGURATION_BUILD_DIR}/ReactCommon",
					"${PODS_CONFIGURATION_BUILD_DIR}/TOCropViewController",
					"${PODS_CONFIGURATION_BUILD_DIR}/Yoga",
					"${PODS_CONFIGURATION_BUILD_DIR}/glog",
					"${PODS_CONFIGURATION_BUILD_DIR}/react-native-appearance",
					"${PODS_CONFIGURATION_BUILD_DIR}/react-native-geolocation",
					"${PODS_CONFIGURATION_BUILD_DIR}/react-native-google-maps",
					"${PODS_CONFIGURATION_BUILD_DIR}/react-native-image-picker",
					"${PODS_CONFIGURATION_BUILD_DIR}/react-native-maps",
					"${PODS_CONFIGURATION_BUILD_DIR}/react-native-safe-area-context",
					"${PODS_CONFIGURATION_BUILD_DIR}/rn-fetch-blob",
				);
				MARKETING_VERSION = 1.7;
				ONLY_ACTIVE_ARCH = YES;
				OTHER_LDFLAGS = "$(inherited)";
				PRODUCT_BUNDLE_IDENTIFIER = org.ibapol.dogit;
				PRODUCT_NAME = mypetapp_v1;
				SWIFT_VERSION = 5.0;
				VERSIONING_SYSTEM = "apple-generic";
			};
			name = Release;
		};
		2D02E4971E0B4A5E006451C7 /* Debug */ = {
			isa = XCBuildConfiguration;
			buildSettings = {
				ASSETCATALOG_COMPILER_APPICON_NAME = "App Icon & Top Shelf Image";
				ASSETCATALOG_COMPILER_LAUNCHIMAGE_NAME = LaunchImage;
				CLANG_ANALYZER_NONNULL = YES;
				CLANG_WARN_DOCUMENTATION_COMMENTS = YES;
				CLANG_WARN_INFINITE_RECURSION = YES;
				CLANG_WARN_SUSPICIOUS_MOVE = YES;
				DEBUG_INFORMATION_FORMAT = dwarf;
				ENABLE_TESTABILITY = YES;
				GCC_NO_COMMON_BLOCKS = YES;
				INFOPLIST_FILE = "mypetapp_v1-tvOS/Info.plist";
				LD_RUNPATH_SEARCH_PATHS = (
					"$(inherited)",
					"@executable_path/Frameworks",
				);
				OTHER_LDFLAGS = (
					"$(inherited)",
					"-ObjC",
					"-lc++",
				);
				PRODUCT_BUNDLE_IDENTIFIER = "org.reactjs.native.example.mypetapp_v1-tvOS";
				PRODUCT_NAME = "$(TARGET_NAME)";
				SDKROOT = appletvos;
				TARGETED_DEVICE_FAMILY = 3;
				TVOS_DEPLOYMENT_TARGET = 12.0;
			};
			name = Debug;
		};
		2D02E4981E0B4A5E006451C7 /* Release */ = {
			isa = XCBuildConfiguration;
			buildSettings = {
				ASSETCATALOG_COMPILER_APPICON_NAME = "App Icon & Top Shelf Image";
				ASSETCATALOG_COMPILER_LAUNCHIMAGE_NAME = LaunchImage;
				CLANG_ANALYZER_NONNULL = YES;
				CLANG_WARN_DOCUMENTATION_COMMENTS = YES;
				CLANG_WARN_INFINITE_RECURSION = YES;
				CLANG_WARN_SUSPICIOUS_MOVE = YES;
				COPY_PHASE_STRIP = NO;
				DEBUG_INFORMATION_FORMAT = "dwarf-with-dsym";
				GCC_NO_COMMON_BLOCKS = YES;
				INFOPLIST_FILE = "mypetapp_v1-tvOS/Info.plist";
				LD_RUNPATH_SEARCH_PATHS = (
					"$(inherited)",
					"@executable_path/Frameworks",
				);
				OTHER_LDFLAGS = (
					"$(inherited)",
					"-ObjC",
					"-lc++",
				);
				PRODUCT_BUNDLE_IDENTIFIER = "org.reactjs.native.example.mypetapp_v1-tvOS";
				PRODUCT_NAME = "$(TARGET_NAME)";
				SDKROOT = appletvos;
				TARGETED_DEVICE_FAMILY = 3;
				TVOS_DEPLOYMENT_TARGET = 12.0;
			};
			name = Release;
		};
		2D02E4991E0B4A5E006451C7 /* Debug */ = {
			isa = XCBuildConfiguration;
			buildSettings = {
				BUNDLE_LOADER = "$(TEST_HOST)";
				CLANG_ANALYZER_NONNULL = YES;
				CLANG_WARN_DOCUMENTATION_COMMENTS = YES;
				CLANG_WARN_INFINITE_RECURSION = YES;
				CLANG_WARN_SUSPICIOUS_MOVE = YES;
				DEBUG_INFORMATION_FORMAT = dwarf;
				ENABLE_TESTABILITY = YES;
				GCC_NO_COMMON_BLOCKS = YES;
				INFOPLIST_FILE = "mypetapp_v1-tvOSTests/Info.plist";
				LD_RUNPATH_SEARCH_PATHS = (
					"$(inherited)",
					"@executable_path/Frameworks",
					"@loader_path/Frameworks",
				);
				OTHER_LDFLAGS = (
					"$(inherited)",
					"-ObjC",
					"-lc++",
				);
				PRODUCT_BUNDLE_IDENTIFIER = "org.reactjs.native.example.mypetapp_v1-tvOSTests";
				PRODUCT_NAME = "$(TARGET_NAME)";
				SDKROOT = appletvos;
				TEST_HOST = "$(BUILT_PRODUCTS_DIR)/mypetapp_v1-tvOS.app/mypetapp_v1-tvOS";
				TVOS_DEPLOYMENT_TARGET = 12.0;
			};
			name = Debug;
		};
		2D02E49A1E0B4A5E006451C7 /* Release */ = {
			isa = XCBuildConfiguration;
			buildSettings = {
				BUNDLE_LOADER = "$(TEST_HOST)";
				CLANG_ANALYZER_NONNULL = YES;
				CLANG_WARN_DOCUMENTATION_COMMENTS = YES;
				CLANG_WARN_INFINITE_RECURSION = YES;
				CLANG_WARN_SUSPICIOUS_MOVE = YES;
				COPY_PHASE_STRIP = NO;
				DEBUG_INFORMATION_FORMAT = "dwarf-with-dsym";
				GCC_NO_COMMON_BLOCKS = YES;
				INFOPLIST_FILE = "mypetapp_v1-tvOSTests/Info.plist";
				LD_RUNPATH_SEARCH_PATHS = (
					"$(inherited)",
					"@executable_path/Frameworks",
					"@loader_path/Frameworks",
				);
				OTHER_LDFLAGS = (
					"$(inherited)",
					"-ObjC",
					"-lc++",
				);
				PRODUCT_BUNDLE_IDENTIFIER = "org.reactjs.native.example.mypetapp_v1-tvOSTests";
				PRODUCT_NAME = "$(TARGET_NAME)";
				SDKROOT = appletvos;
				TEST_HOST = "$(BUILT_PRODUCTS_DIR)/mypetapp_v1-tvOS.app/mypetapp_v1-tvOS";
				TVOS_DEPLOYMENT_TARGET = 12.0;
			};
			name = Release;
		};
		83CBBA201A601CBA00E9B192 /* Debug */ = {
			isa = XCBuildConfiguration;
			buildSettings = {
				ALWAYS_SEARCH_USER_PATHS = NO;
				CLANG_ANALYZER_LOCALIZABILITY_NONLOCALIZED = YES;
				CLANG_CXX_LANGUAGE_STANDARD = "gnu++0x";
				CLANG_CXX_LIBRARY = "libc++";
				CLANG_ENABLE_MODULES = YES;
				CLANG_ENABLE_OBJC_ARC = YES;
				CLANG_WARN_BLOCK_CAPTURE_AUTORELEASING = YES;
				CLANG_WARN_BOOL_CONVERSION = YES;
				CLANG_WARN_COMMA = YES;
				CLANG_WARN_CONSTANT_CONVERSION = YES;
				CLANG_WARN_DEPRECATED_OBJC_IMPLEMENTATIONS = YES;
				CLANG_WARN_DIRECT_OBJC_ISA_USAGE = YES_ERROR;
				CLANG_WARN_EMPTY_BODY = YES;
				CLANG_WARN_ENUM_CONVERSION = YES;
				CLANG_WARN_INFINITE_RECURSION = YES;
				CLANG_WARN_INT_CONVERSION = YES;
				CLANG_WARN_NON_LITERAL_NULL_CONVERSION = YES;
				CLANG_WARN_OBJC_IMPLICIT_RETAIN_SELF = YES;
				CLANG_WARN_OBJC_LITERAL_CONVERSION = YES;
				CLANG_WARN_OBJC_ROOT_CLASS = YES_ERROR;
				CLANG_WARN_QUOTED_INCLUDE_IN_FRAMEWORK_HEADER = YES;
				CLANG_WARN_RANGE_LOOP_ANALYSIS = YES;
				CLANG_WARN_STRICT_PROTOTYPES = YES;
				CLANG_WARN_SUSPICIOUS_MOVE = YES;
				CLANG_WARN_UNREACHABLE_CODE = YES;
				CLANG_WARN__DUPLICATE_METHOD_MATCH = YES;
				"CODE_SIGN_IDENTITY[sdk=iphoneos*]" = "iPhone Developer";
				COPY_PHASE_STRIP = NO;
				ENABLE_STRICT_OBJC_MSGSEND = YES;
				ENABLE_TESTABILITY = YES;
				EXCLUDED_ARCHS = "";
				"EXCLUDED_ARCHS[sdk=iphonesimulator*]" = "";
				GCC_C_LANGUAGE_STANDARD = gnu99;
				GCC_DYNAMIC_NO_PIC = NO;
				GCC_NO_COMMON_BLOCKS = YES;
				GCC_OPTIMIZATION_LEVEL = 0;
				GCC_PREPROCESSOR_DEFINITIONS = (
					"DEBUG=1",
					"$(inherited)",
				);
				GCC_SYMBOLS_PRIVATE_EXTERN = NO;
				GCC_WARN_64_TO_32_BIT_CONVERSION = YES;
				GCC_WARN_ABOUT_RETURN_TYPE = YES_ERROR;
				GCC_WARN_UNDECLARED_SELECTOR = YES;
				GCC_WARN_UNINITIALIZED_AUTOS = YES_AGGRESSIVE;
				GCC_WARN_UNUSED_FUNCTION = YES;
				GCC_WARN_UNUSED_VARIABLE = YES;
				IPHONEOS_DEPLOYMENT_TARGET = 15.0;
				LD_RUNPATH_SEARCH_PATHS = (
					/usr/lib/swift,
					"$(inherited)",
				);
				LIBRARY_SEARCH_PATHS = (
					"$(SDKROOT)/usr/lib/swift",
					"\"$(TOOLCHAIN_DIR)/usr/lib/swift/$(PLATFORM_NAME)\"",
					"\"$(inherited)\"",
				);
				MTL_ENABLE_DEBUG_INFO = YES;
				ONLY_ACTIVE_ARCH = YES;
				SDKROOT = iphoneos;
				VALIDATE_WORKSPACE = NO;
			};
			name = Debug;
		};
		83CBBA211A601CBA00E9B192 /* Release */ = {
			isa = XCBuildConfiguration;
			buildSettings = {
				ALWAYS_SEARCH_USER_PATHS = NO;
				CLANG_ANALYZER_LOCALIZABILITY_NONLOCALIZED = YES;
				CLANG_CXX_LANGUAGE_STANDARD = "gnu++0x";
				CLANG_CXX_LIBRARY = "libc++";
				CLANG_ENABLE_MODULES = YES;
				CLANG_ENABLE_OBJC_ARC = YES;
				CLANG_WARN_BLOCK_CAPTURE_AUTORELEASING = YES;
				CLANG_WARN_BOOL_CONVERSION = YES;
				CLANG_WARN_COMMA = YES;
				CLANG_WARN_CONSTANT_CONVERSION = YES;
				CLANG_WARN_DEPRECATED_OBJC_IMPLEMENTATIONS = YES;
				CLANG_WARN_DIRECT_OBJC_ISA_USAGE = YES_ERROR;
				CLANG_WARN_EMPTY_BODY = YES;
				CLANG_WARN_ENUM_CONVERSION = YES;
				CLANG_WARN_INFINITE_RECURSION = YES;
				CLANG_WARN_INT_CONVERSION = YES;
				CLANG_WARN_NON_LITERAL_NULL_CONVERSION = YES;
				CLANG_WARN_OBJC_IMPLICIT_RETAIN_SELF = YES;
				CLANG_WARN_OBJC_LITERAL_CONVERSION = YES;
				CLANG_WARN_OBJC_ROOT_CLASS = YES_ERROR;
				CLANG_WARN_QUOTED_INCLUDE_IN_FRAMEWORK_HEADER = YES;
				CLANG_WARN_RANGE_LOOP_ANALYSIS = YES;
				CLANG_WARN_STRICT_PROTOTYPES = YES;
				CLANG_WARN_SUSPICIOUS_MOVE = YES;
				CLANG_WARN_UNREACHABLE_CODE = YES;
				CLANG_WARN__DUPLICATE_METHOD_MATCH = YES;
				"CODE_SIGN_IDENTITY[sdk=iphoneos*]" = "iPhone Developer";
				COPY_PHASE_STRIP = YES;
				ENABLE_NS_ASSERTIONS = NO;
				ENABLE_STRICT_OBJC_MSGSEND = YES;
				EXCLUDED_ARCHS = "";
				"EXCLUDED_ARCHS[sdk=iphonesimulator*]" = "";
				GCC_C_LANGUAGE_STANDARD = gnu99;
				GCC_NO_COMMON_BLOCKS = YES;
				GCC_WARN_64_TO_32_BIT_CONVERSION = YES;
				GCC_WARN_ABOUT_RETURN_TYPE = YES_ERROR;
				GCC_WARN_UNDECLARED_SELECTOR = YES;
				GCC_WARN_UNINITIALIZED_AUTOS = YES_AGGRESSIVE;
				GCC_WARN_UNUSED_FUNCTION = YES;
				GCC_WARN_UNUSED_VARIABLE = YES;
				IPHONEOS_DEPLOYMENT_TARGET = 15.0;
				LD_RUNPATH_SEARCH_PATHS = (
					/usr/lib/swift,
					"$(inherited)",
				);
				LIBRARY_SEARCH_PATHS = (
					"$(SDKROOT)/usr/lib/swift",
					"\"$(TOOLCHAIN_DIR)/usr/lib/swift/$(PLATFORM_NAME)\"",
					"\"$(inherited)\"",
				);
				MTL_ENABLE_DEBUG_INFO = NO;
				ONLY_ACTIVE_ARCH = YES;
				SDKROOT = iphoneos;
				VALIDATE_PRODUCT = YES;
				VALIDATE_WORKSPACE = NO;
			};
			name = Release;
		};
/* End XCBuildConfiguration section */

/* Begin XCConfigurationList section */
		00E357021AD99517003FC87E /* Build configuration list for PBXNativeTarget "mypetapp_v1Tests" */ = {
			isa = XCConfigurationList;
			buildConfigurations = (
				00E356F61AD99517003FC87E /* Debug */,
				00E356F71AD99517003FC87E /* Release */,
			);
			defaultConfigurationIsVisible = 0;
			defaultConfigurationName = Debug;
		};
		13B07F931A680F5B00A75B9A /* Build configuration list for PBXNativeTarget "mypetapp_v1" */ = {
			isa = XCConfigurationList;
			buildConfigurations = (
				13B07F941A680F5B00A75B9A /* Debug */,
				13B07F951A680F5B00A75B9A /* Release */,
			);
			defaultConfigurationIsVisible = 0;
			defaultConfigurationName = Debug;
		};
		2D02E4BA1E0B4A5E006451C7 /* Build configuration list for PBXNativeTarget "mypetapp_v1-tvOS" */ = {
			isa = XCConfigurationList;
			buildConfigurations = (
				2D02E4971E0B4A5E006451C7 /* Debug */,
				2D02E4981E0B4A5E006451C7 /* Release */,
			);
			defaultConfigurationIsVisible = 0;
			defaultConfigurationName = Debug;
		};
		2D02E4BB1E0B4A5E006451C7 /* Build configuration list for PBXNativeTarget "mypetapp_v1-tvOSTests" */ = {
			isa = XCConfigurationList;
			buildConfigurations = (
				2D02E4991E0B4A5E006451C7 /* Debug */,
				2D02E49A1E0B4A5E006451C7 /* Release */,
			);
			defaultConfigurationIsVisible = 0;
			defaultConfigurationName = Debug;
		};
		83CBB9FA1A601CBA00E9B192 /* Build configuration list for PBXProject "mypetapp_v1" */ = {
			isa = XCConfigurationList;
			buildConfigurations = (
				83CBBA201A601CBA00E9B192 /* Debug */,
				83CBBA211A601CBA00E9B192 /* Release */,
			);
			defaultConfigurationIsVisible = 0;
			defaultConfigurationName = Debug;
		};
/* End XCConfigurationList section */
	};
	rootObject = 83CBB9F71A601CBA00E9B192 /* Project object */;
}
